// !$*UTF8*$!
{
	archiveVersion = 1;
	classes = {
	};
	objectVersion = 46;
	objects = {

/* Begin PBXBuildFile section */
		40CE9CF21807FD440007F04D /* Foundation.framework in Frameworks */ = {isa = PBXBuildFile; fileRef = 40CE9CF11807FD440007F04D /* Foundation.framework */; };
		40CE9CF41807FD440007F04D /* CoreGraphics.framework in Frameworks */ = {isa = PBXBuildFile; fileRef = 40CE9CF31807FD440007F04D /* CoreGraphics.framework */; };
		40CE9CF61807FD440007F04D /* UIKit.framework in Frameworks */ = {isa = PBXBuildFile; fileRef = 40CE9CF51807FD440007F04D /* UIKit.framework */; };
		40CE9CFC1807FD440007F04D /* InfoPlist.strings in Resources */ = {isa = PBXBuildFile; fileRef = 40CE9CFA1807FD440007F04D /* InfoPlist.strings */; };
		40CE9CFE1807FD440007F04D /* main.m in Sources */ = {isa = PBXBuildFile; fileRef = 40CE9CFD1807FD440007F04D /* main.m */; };
		40CE9D021807FD440007F04D /* AppDelegate.m in Sources */ = {isa = PBXBuildFile; fileRef = 40CE9D011807FD440007F04D /* AppDelegate.m */; };
		40CE9D051807FD440007F04D /* Main.storyboard in Resources */ = {isa = PBXBuildFile; fileRef = 40CE9D031807FD440007F04D /* Main.storyboard */; };
		40CE9D081807FD440007F04D /* ViewController.m in Sources */ = {isa = PBXBuildFile; fileRef = 40CE9D071807FD440007F04D /* ViewController.m */; };
		40CE9D0A1807FD440007F04D /* Images.xcassets in Resources */ = {isa = PBXBuildFile; fileRef = 40CE9D091807FD440007F04D /* Images.xcassets */; };
		40CE9D111807FD440007F04D /* XCTest.framework in Frameworks */ = {isa = PBXBuildFile; fileRef = 40CE9D101807FD440007F04D /* XCTest.framework */; };
		40CE9D121807FD440007F04D /* Foundation.framework in Frameworks */ = {isa = PBXBuildFile; fileRef = 40CE9CF11807FD440007F04D /* Foundation.framework */; };
		40CE9D131807FD440007F04D /* UIKit.framework in Frameworks */ = {isa = PBXBuildFile; fileRef = 40CE9CF51807FD440007F04D /* UIKit.framework */; };
		40CE9D1B1807FD440007F04D /* InfoPlist.strings in Resources */ = {isa = PBXBuildFile; fileRef = 40CE9D191807FD440007F04D /* InfoPlist.strings */; };
		40CE9D1D1807FD440007F04D /* iClousTests.m in Sources */ = {isa = PBXBuildFile; fileRef = 40CE9D1C1807FD440007F04D /* iClousTests.m */; };
		40CE9D29180817AA0007F04D /* CryptoUtils.m in Sources */ = {isa = PBXBuildFile; fileRef = 40CE9D28180817AA0007F04D /* CryptoUtils.m */; };
/* End PBXBuildFile section */

/* Begin PBXContainerItemProxy section */
		40CE9D141807FD440007F04D /* PBXContainerItemProxy */ = {
			isa = PBXContainerItemProxy;
			containerPortal = 40CE9CE61807FD440007F04D /* Project object */;
			proxyType = 1;
			remoteGlobalIDString = 40CE9CED1807FD440007F04D;
			remoteInfo = iClous;
		};
/* End PBXContainerItemProxy section */

/* Begin PBXFileReference section */
		40CE9CEE1807FD440007F04D /* iClous.app */ = {isa = PBXFileReference; explicitFileType = wrapper.application; includeInIndex = 0; path = iClous.app; sourceTree = BUILT_PRODUCTS_DIR; };
		40CE9CF11807FD440007F04D /* Foundation.framework */ = {isa = PBXFileReference; lastKnownFileType = wrapper.framework; name = Foundation.framework; path = System/Library/Frameworks/Foundation.framework; sourceTree = SDKROOT; };
		40CE9CF31807FD440007F04D /* CoreGraphics.framework */ = {isa = PBXFileReference; lastKnownFileType = wrapper.framework; name = CoreGraphics.framework; path = System/Library/Frameworks/CoreGraphics.framework; sourceTree = SDKROOT; };
		40CE9CF51807FD440007F04D /* UIKit.framework */ = {isa = PBXFileReference; lastKnownFileType = wrapper.framework; name = UIKit.framework; path = System/Library/Frameworks/UIKit.framework; sourceTree = SDKROOT; };
		40CE9CF91807FD440007F04D /* iClous-Info.plist */ = {isa = PBXFileReference; lastKnownFileType = text.plist.xml; path = "iClous-Info.plist"; sourceTree = "<group>"; };
		40CE9CFB1807FD440007F04D /* en */ = {isa = PBXFileReference; lastKnownFileType = text.plist.strings; name = en; path = en.lproj/InfoPlist.strings; sourceTree = "<group>"; };
		40CE9CFD1807FD440007F04D /* main.m */ = {isa = PBXFileReference; lastKnownFileType = sourcecode.c.objc; path = main.m; sourceTree = "<group>"; };
		40CE9CFF1807FD440007F04D /* iClous-Prefix.pch */ = {isa = PBXFileReference; lastKnownFileType = sourcecode.c.h; path = "iClous-Prefix.pch"; sourceTree = "<group>"; };
		40CE9D001807FD440007F04D /* AppDelegate.h */ = {isa = PBXFileReference; lastKnownFileType = sourcecode.c.h; path = AppDelegate.h; sourceTree = "<group>"; };
		40CE9D011807FD440007F04D /* AppDelegate.m */ = {isa = PBXFileReference; lastKnownFileType = sourcecode.c.objc; path = AppDelegate.m; sourceTree = "<group>"; };
		40CE9D041807FD440007F04D /* Base */ = {isa = PBXFileReference; lastKnownFileType = file.storyboard; name = Base; path = Base.lproj/Main.storyboard; sourceTree = "<group>"; };
		40CE9D061807FD440007F04D /* ViewController.h */ = {isa = PBXFileReference; lastKnownFileType = sourcecode.c.h; path = ViewController.h; sourceTree = "<group>"; };
		40CE9D071807FD440007F04D /* ViewController.m */ = {isa = PBXFileReference; lastKnownFileType = sourcecode.c.objc; path = ViewController.m; sourceTree = "<group>"; };
		40CE9D091807FD440007F04D /* Images.xcassets */ = {isa = PBXFileReference; lastKnownFileType = folder.assetcatalog; path = Images.xcassets; sourceTree = "<group>"; };
		40CE9D0F1807FD440007F04D /* iClousTests.xctest */ = {isa = PBXFileReference; explicitFileType = wrapper.cfbundle; includeInIndex = 0; path = iClousTests.xctest; sourceTree = BUILT_PRODUCTS_DIR; };
		40CE9D101807FD440007F04D /* XCTest.framework */ = {isa = PBXFileReference; lastKnownFileType = wrapper.framework; name = XCTest.framework; path = Library/Frameworks/XCTest.framework; sourceTree = DEVELOPER_DIR; };
		40CE9D181807FD440007F04D /* iClousTests-Info.plist */ = {isa = PBXFileReference; lastKnownFileType = text.plist.xml; path = "iClousTests-Info.plist"; sourceTree = "<group>"; };
		40CE9D1A1807FD440007F04D /* en */ = {isa = PBXFileReference; lastKnownFileType = text.plist.strings; name = en; path = en.lproj/InfoPlist.strings; sourceTree = "<group>"; };
		40CE9D1C1807FD440007F04D /* iClousTests.m */ = {isa = PBXFileReference; lastKnownFileType = sourcecode.c.objc; path = iClousTests.m; sourceTree = "<group>"; };
		40CE9D261807FE170007F04D /* iClous.entitlements */ = {isa = PBXFileReference; lastKnownFileType = text.xml; path = iClous.entitlements; sourceTree = "<group>"; };
		40CE9D27180817AA0007F04D /* CryptoUtils.h */ = {isa = PBXFileReference; fileEncoding = 4; lastKnownFileType = sourcecode.c.h; path = CryptoUtils.h; sourceTree = "<group>"; };
		40CE9D28180817AA0007F04D /* CryptoUtils.m */ = {isa = PBXFileReference; fileEncoding = 4; lastKnownFileType = sourcecode.c.objc; path = CryptoUtils.m; sourceTree = "<group>"; };
/* End PBXFileReference section */

/* Begin PBXFrameworksBuildPhase section */
		40CE9CEB1807FD440007F04D /* Frameworks */ = {
			isa = PBXFrameworksBuildPhase;
			buildActionMask = 2147483647;
			files = (
				40CE9CF41807FD440007F04D /* CoreGraphics.framework in Frameworks */,
				40CE9CF61807FD440007F04D /* UIKit.framework in Frameworks */,
				40CE9CF21807FD440007F04D /* Foundation.framework in Frameworks */,
			);
			runOnlyForDeploymentPostprocessing = 0;
		};
		40CE9D0C1807FD440007F04D /* Frameworks */ = {
			isa = PBXFrameworksBuildPhase;
			buildActionMask = 2147483647;
			files = (
				40CE9D111807FD440007F04D /* XCTest.framework in Frameworks */,
				40CE9D131807FD440007F04D /* UIKit.framework in Frameworks */,
				40CE9D121807FD440007F04D /* Foundation.framework in Frameworks */,
			);
			runOnlyForDeploymentPostprocessing = 0;
		};
/* End PBXFrameworksBuildPhase section */

/* Begin PBXGroup section */
		40CE9CE51807FD440007F04D = {
			isa = PBXGroup;
			children = (
				40CE9CF71807FD440007F04D /* iClous */,
				40CE9D161807FD440007F04D /* iClousTests */,
				40CE9CF01807FD440007F04D /* Frameworks */,
				40CE9CEF1807FD440007F04D /* Products */,
			);
			sourceTree = "<group>";
		};
		40CE9CEF1807FD440007F04D /* Products */ = {
			isa = PBXGroup;
			children = (
				40CE9CEE1807FD440007F04D /* iClous.app */,
				40CE9D0F1807FD440007F04D /* iClousTests.xctest */,
			);
			name = Products;
			sourceTree = "<group>";
		};
		40CE9CF01807FD440007F04D /* Frameworks */ = {
			isa = PBXGroup;
			children = (
				40CE9CF11807FD440007F04D /* Foundation.framework */,
				40CE9CF31807FD440007F04D /* CoreGraphics.framework */,
				40CE9CF51807FD440007F04D /* UIKit.framework */,
				40CE9D101807FD440007F04D /* XCTest.framework */,
			);
			name = Frameworks;
			sourceTree = "<group>";
		};
		40CE9CF71807FD440007F04D /* iClous */ = {
			isa = PBXGroup;
			children = (
				40CE9D261807FE170007F04D /* iClous.entitlements */,
				40CE9D001807FD440007F04D /* AppDelegate.h */,
				40CE9D011807FD440007F04D /* AppDelegate.m */,
				40CE9D27180817AA0007F04D /* CryptoUtils.h */,
				40CE9D28180817AA0007F04D /* CryptoUtils.m */,
				40CE9D031807FD440007F04D /* Main.storyboard */,
				40CE9D061807FD440007F04D /* ViewController.h */,
				40CE9D071807FD440007F04D /* ViewController.m */,
				40CE9D091807FD440007F04D /* Images.xcassets */,
				40CE9CF81807FD440007F04D /* Supporting Files */,
			);
			path = iClous;
			sourceTree = "<group>";
		};
		40CE9CF81807FD440007F04D /* Supporting Files */ = {
			isa = PBXGroup;
			children = (
				40CE9CF91807FD440007F04D /* iClous-Info.plist */,
				40CE9CFA1807FD440007F04D /* InfoPlist.strings */,
				40CE9CFD1807FD440007F04D /* main.m */,
				40CE9CFF1807FD440007F04D /* iClous-Prefix.pch */,
			);
			name = "Supporting Files";
			sourceTree = "<group>";
		};
		40CE9D161807FD440007F04D /* iClousTests */ = {
			isa = PBXGroup;
			children = (
				40CE9D1C1807FD440007F04D /* iClousTests.m */,
				40CE9D171807FD440007F04D /* Supporting Files */,
			);
			path = iClousTests;
			sourceTree = "<group>";
		};
		40CE9D171807FD440007F04D /* Supporting Files */ = {
			isa = PBXGroup;
			children = (
				40CE9D181807FD440007F04D /* iClousTests-Info.plist */,
				40CE9D191807FD440007F04D /* InfoPlist.strings */,
			);
			name = "Supporting Files";
			sourceTree = "<group>";
		};
/* End PBXGroup section */

/* Begin PBXNativeTarget section */
		40CE9CED1807FD440007F04D /* iClous */ = {
			isa = PBXNativeTarget;
			buildConfigurationList = 40CE9D201807FD440007F04D /* Build configuration list for PBXNativeTarget "iClous" */;
			buildPhases = (
				40CE9CEA1807FD440007F04D /* Sources */,
				40CE9CEB1807FD440007F04D /* Frameworks */,
				40CE9CEC1807FD440007F04D /* Resources */,
			);
			buildRules = (
			);
			dependencies = (
			);
			name = iClous;
			productName = iClous;
			productReference = 40CE9CEE1807FD440007F04D /* iClous.app */;
			productType = "com.apple.product-type.application";
		};
		40CE9D0E1807FD440007F04D /* iClousTests */ = {
			isa = PBXNativeTarget;
			buildConfigurationList = 40CE9D231807FD440007F04D /* Build configuration list for PBXNativeTarget "iClousTests" */;
			buildPhases = (
				40CE9D0B1807FD440007F04D /* Sources */,
				40CE9D0C1807FD440007F04D /* Frameworks */,
				40CE9D0D1807FD440007F04D /* Resources */,
			);
			buildRules = (
			);
			dependencies = (
				40CE9D151807FD440007F04D /* PBXTargetDependency */,
			);
			name = iClousTests;
			productName = iClousTests;
			productReference = 40CE9D0F1807FD440007F04D /* iClousTests.xctest */;
			productType = "com.apple.product-type.bundle.unit-test";
		};
/* End PBXNativeTarget section */

/* Begin PBXProject section */
		40CE9CE61807FD440007F04D /* Project object */ = {
			isa = PBXProject;
			attributes = {
				LastUpgradeCheck = 0500;
				ORGANIZATIONNAME = KMR;
				TargetAttributes = {
					40CE9CED1807FD440007F04D = {
						DevelopmentTeam = R42P59E5WA;
						SystemCapabilities = {
							com.apple.iCloud = {
								enabled = 1;
							};
						};
					};
					40CE9D0E1807FD440007F04D = {
						TestTargetID = 40CE9CED1807FD440007F04D;
					};
				};
			};
			buildConfigurationList = 40CE9CE91807FD440007F04D /* Build configuration list for PBXProject "iClous" */;
			compatibilityVersion = "Xcode 3.2";
			developmentRegion = English;
			hasScannedForEncodings = 0;
			knownRegions = (
				en,
				Base,
			);
			mainGroup = 40CE9CE51807FD440007F04D;
			productRefGroup = 40CE9CEF1807FD440007F04D /* Products */;
			projectDirPath = "";
			projectRoot = "";
			targets = (
				40CE9CED1807FD440007F04D /* iClous */,
				40CE9D0E1807FD440007F04D /* iClousTests */,
			);
		};
/* End PBXProject section */

/* Begin PBXResourcesBuildPhase section */
		40CE9CEC1807FD440007F04D /* Resources */ = {
			isa = PBXResourcesBuildPhase;
			buildActionMask = 2147483647;
			files = (
				40CE9D0A1807FD440007F04D /* Images.xcassets in Resources */,
				40CE9CFC1807FD440007F04D /* InfoPlist.strings in Resources */,
				40CE9D051807FD440007F04D /* Main.storyboard in Resources */,
			);
			runOnlyForDeploymentPostprocessing = 0;
		};
		40CE9D0D1807FD440007F04D /* Resources */ = {
			isa = PBXResourcesBuildPhase;
			buildActionMask = 2147483647;
			files = (
				40CE9D1B1807FD440007F04D /* InfoPlist.strings in Resources */,
			);
			runOnlyForDeploymentPostprocessing = 0;
		};
/* End PBXResourcesBuildPhase section */

/* Begin PBXSourcesBuildPhase section */
		40CE9CEA1807FD440007F04D /* Sources */ = {
			isa = PBXSourcesBuildPhase;
			buildActionMask = 2147483647;
			files = (
				40CE9D081807FD440007F04D /* ViewController.m in Sources */,
				40CE9D021807FD440007F04D /* AppDelegate.m in Sources */,
				40CE9D29180817AA0007F04D /* CryptoUtils.m in Sources */,
				40CE9CFE1807FD440007F04D /* main.m in Sources */,
			);
			runOnlyForDeploymentPostprocessing = 0;
		};
		40CE9D0B1807FD440007F04D /* Sources */ = {
			isa = PBXSourcesBuildPhase;
			buildActionMask = 2147483647;
			files = (
				40CE9D1D1807FD440007F04D /* iClousTests.m in Sources */,
			);
			runOnlyForDeploymentPostprocessing = 0;
		};
/* End PBXSourcesBuildPhase section */

/* Begin PBXTargetDependency section */
		40CE9D151807FD440007F04D /* PBXTargetDependency */ = {
			isa = PBXTargetDependency;
			target = 40CE9CED1807FD440007F04D /* iClous */;
			targetProxy = 40CE9D141807FD440007F04D /* PBXContainerItemProxy */;
		};
/* End PBXTargetDependency section */

/* Begin PBXVariantGroup section */
		40CE9CFA1807FD440007F04D /* InfoPlist.strings */ = {
			isa = PBXVariantGroup;
			children = (
				40CE9CFB1807FD440007F04D /* en */,
			);
			name = InfoPlist.strings;
			sourceTree = "<group>";
		};
		40CE9D031807FD440007F04D /* Main.storyboard */ = {
			isa = PBXVariantGroup;
			children = (
				40CE9D041807FD440007F04D /* Base */,
			);
			name = Main.storyboard;
			sourceTree = "<group>";
		};
		40CE9D191807FD440007F04D /* InfoPlist.strings */ = {
			isa = PBXVariantGroup;
			children = (
				40CE9D1A1807FD440007F04D /* en */,
			);
			name = InfoPlist.strings;
			sourceTree = "<group>";
		};
/* End PBXVariantGroup section */

/* Begin XCBuildConfiguration section */
		40CE9D1E1807FD440007F04D /* Debug */ = {
			isa = XCBuildConfiguration;
			buildSettings = {
				ALWAYS_SEARCH_USER_PATHS = NO;
				ARCHS = "$(ARCHS_STANDARD_INCLUDING_64_BIT)";
				CLANG_CXX_LANGUAGE_STANDARD = "gnu++0x";
				CLANG_CXX_LIBRARY = "libc++";
				CLANG_ENABLE_MODULES = YES;
				CLANG_ENABLE_OBJC_ARC = YES;
				CLANG_WARN_BOOL_CONVERSION = YES;
				CLANG_WARN_CONSTANT_CONVERSION = YES;
				CLANG_WARN_DIRECT_OBJC_ISA_USAGE = YES_ERROR;
				CLANG_WARN_EMPTY_BODY = YES;
				CLANG_WARN_ENUM_CONVERSION = YES;
				CLANG_WARN_INT_CONVERSION = YES;
				CLANG_WARN_OBJC_ROOT_CLASS = YES_ERROR;
				CLANG_WARN__DUPLICATE_METHOD_MATCH = YES;
				"CODE_SIGN_IDENTITY[sdk=iphoneos*]" = "iPhone Developer";
				COPY_PHASE_STRIP = NO;
				GCC_C_LANGUAGE_STANDARD = gnu99;
				GCC_DYNAMIC_NO_PIC = NO;
				GCC_OPTIMIZATION_LEVEL = 0;
				GCC_PREPROCESSOR_DEFINITIONS = (
					"DEBUG=1",
					"$(inherited)",
				);
				GCC_SYMBOLS_PRIVATE_EXTERN = NO;
				GCC_WARN_64_TO_32_BIT_CONVERSION = YES;
				GCC_WARN_ABOUT_RETURN_TYPE = YES_ERROR;
				GCC_WARN_UNDECLARED_SELECTOR = YES;
				GCC_WARN_UNINITIALIZED_AUTOS = YES;
				GCC_WARN_UNUSED_FUNCTION = YES;
				GCC_WARN_UNUSED_VARIABLE = YES;
				IPHONEOS_DEPLOYMENT_TARGET = 7.0;
				ONLY_ACTIVE_ARCH = YES;
				SDKROOT = iphoneos;
			};
			name = Debug;
		};
		40CE9D1F1807FD440007F04D /* Release */ = {
			isa = XCBuildConfiguration;
			buildSettings = {
				ALWAYS_SEARCH_USER_PATHS = NO;
				ARCHS = "$(ARCHS_STANDARD_INCLUDING_64_BIT)";
				CLANG_CXX_LANGUAGE_STANDARD = "gnu++0x";
				CLANG_CXX_LIBRARY = "libc++";
				CLANG_ENABLE_MODULES = YES;
				CLANG_ENABLE_OBJC_ARC = YES;
				CLANG_WARN_BOOL_CONVERSION = YES;
				CLANG_WARN_CONSTANT_CONVERSION = YES;
				CLANG_WARN_DIRECT_OBJC_ISA_USAGE = YES_ERROR;
				CLANG_WARN_EMPTY_BODY = YES;
				CLANG_WARN_ENUM_CONVERSION = YES;
				CLANG_WARN_INT_CONVERSION = YES;
				CLANG_WARN_OBJC_ROOT_CLASS = YES_ERROR;
				CLANG_WARN__DUPLICATE_METHOD_MATCH = YES;
				"CODE_SIGN_IDENTITY[sdk=iphoneos*]" = "iPhone Developer";
				COPY_PHASE_STRIP = YES;
				ENABLE_NS_ASSERTIONS = NO;
				GCC_C_LANGUAGE_STANDARD = gnu99;
				GCC_WARN_64_TO_32_BIT_CONVERSION = YES;
				GCC_WARN_ABOUT_RETURN_TYPE = YES_ERROR;
				GCC_WARN_UNDECLARED_SELECTOR = YES;
				GCC_WARN_UNINITIALIZED_AUTOS = YES;
				GCC_WARN_UNUSED_FUNCTION = YES;
				GCC_WARN_UNUSED_VARIABLE = YES;
				IPHONEOS_DEPLOYMENT_TARGET = 7.0;
				SDKROOT = iphoneos;
				VALIDATE_PRODUCT = YES;
			};
			name = Release;
		};
		40CE9D211807FD440007F04D /* Debug */ = {
			isa = XCBuildConfiguration;
			buildSettings = {
				ASSETCATALOG_COMPILER_APPICON_NAME = AppIcon;
				ASSETCATALOG_COMPILER_LAUNCHIMAGE_NAME = LaunchImage;
				CODE_SIGN_ENTITLEMENTS = iClous/iClous.entitlements;
				CODE_SIGN_IDENTITY = "iPhone Developer";
				"CODE_SIGN_IDENTITY[sdk=iphoneos*]" = "iPhone Developer";
				GCC_PRECOMPILE_PREFIX_HEADER = YES;
				GCC_PREFIX_HEADER = "iClous/iClous-Prefix.pch";
				INFOPLIST_FILE = "iClous/iClous-Info.plist";
				PRODUCT_NAME = "$(TARGET_NAME)";
				PROVISIONING_PROFILE = "";
				WRAPPER_EXTENSION = app;
			};
			name = Debug;
		};
		40CE9D221807FD440007F04D /* Release */ = {
			isa = XCBuildConfiguration;
			buildSettings = {
				ASSETCATALOG_COMPILER_APPICON_NAME = AppIcon;
				ASSETCATALOG_COMPILER_LAUNCHIMAGE_NAME = LaunchImage;
				CODE_SIGN_ENTITLEMENTS = iClous/iClous.entitlements;
				CODE_SIGN_IDENTITY = "iPhone Developer";
				"CODE_SIGN_IDENTITY[sdk=iphoneos*]" = "iPhone Developer";
				GCC_PRECOMPILE_PREFIX_HEADER = YES;
				GCC_PREFIX_HEADER = "iClous/iClous-Prefix.pch";
				INFOPLIST_FILE = "iClous/iClous-Info.plist";
				PRODUCT_NAME = "$(TARGET_NAME)";
				PROVISIONING_PROFILE = "";
				WRAPPER_EXTENSION = app;
			};
			name = Release;
		};
		40CE9D241807FD440007F04D /* Debug */ = {
			isa = XCBuildConfiguration;
			buildSettings = {
				ARCHS = "$(ARCHS_STANDARD_INCLUDING_64_BIT)";
				BUNDLE_LOADER = "$(BUILT_PRODUCTS_DIR)/iClous.app/iClous";
				FRAMEWORK_SEARCH_PATHS = (
					"$(SDKROOT)/Developer/Library/Frameworks",
					"$(inherited)",
					"$(DEVELOPER_FRAMEWORKS_DIR)",
				);
				GCC_PRECOMPILE_PREFIX_HEADER = YES;
				GCC_PREFIX_HEADER = "iClous/iClous-Prefix.pch";
				GCC_PREPROCESSOR_DEFINITIONS = (
					"DEBUG=1",
					"$(inherited)",
				);
				INFOPLIST_FILE = "iClousTests/iClousTests-Info.plist";
				PRODUCT_NAME = "$(TARGET_NAME)";
				TEST_HOST = "$(BUNDLE_LOADER)";
				WRAPPER_EXTENSION = xctest;
			};
			name = Debug;
		};
		40CE9D251807FD440007F04D /* Release */ = {
			isa = XCBuildConfiguration;
			buildSettings = {
				ARCHS = "$(ARCHS_STANDARD_INCLUDING_64_BIT)";
				BUNDLE_LOADER = "$(BUILT_PRODUCTS_DIR)/iClous.app/iClous";
				FRAMEWORK_SEARCH_PATHS = (
					"$(SDKROOT)/Developer/Library/Frameworks",
					"$(inherited)",
					"$(DEVELOPER_FRAMEWORKS_DIR)",
				);
				GCC_PRECOMPILE_PREFIX_HEADER = YES;
				GCC_PREFIX_HEADER = "iClous/iClous-Prefix.pch";
				INFOPLIST_FILE = "iClousTests/iClousTests-Info.plist";
				PRODUCT_NAME = "$(TARGET_NAME)";
				TEST_HOST = "$(BUNDLE_LOADER)";
				WRAPPER_EXTENSION = xctest;
			};
			name = Release;
		};
/* End XCBuildConfiguration section */

/* Begin XCConfigurationList section */
		40CE9CE91807FD440007F04D /* Build configuration list for PBXProject "iClous" */ = {
			isa = XCConfigurationList;
			buildConfigurations = (
				40CE9D1E1807FD440007F04D /* Debug */,
				40CE9D1F1807FD440007F04D /* Release */,
			);
			defaultConfigurationIsVisible = 0;
			defaultConfigurationName = Release;
		};
		40CE9D201807FD440007F04D /* Build configuration list for PBXNativeTarget "iClous" */ = {
			isa = XCConfigurationList;
			buildConfigurations = (
				40CE9D211807FD440007F04D /* Debug */,
				40CE9D221807FD440007F04D /* Release */,
			);
			defaultConfigurationIsVisible = 0;
		};
		40CE9D231807FD440007F04D /* Build configuration list for PBXNativeTarget "iClousTests" */ = {
			isa = XCConfigurationList;
			buildConfigurations = (
				40CE9D241807FD440007F04D /* Debug */,
				40CE9D251807FD440007F04D /* Release */,
			);
			defaultConfigurationIsVisible = 0;
		};
/* End XCConfigurationList section */
	};
	rootObject = 40CE9CE61807FD440007F04D /* Project object */;
}
