// !$*UTF8*$!
{
	archiveVersion = 1;
	classes = {
	};
	objectVersion = 46;
	objects = {

/* Begin PBXBuildFile section */
		40AC8E5D179B3367007944F0 /* Foundation.framework in Frameworks */ = {isa = PBXBuildFile; fileRef = 40AC8E5C179B3367007944F0 /* Foundation.framework */; };
		40AC8E5F179B3367007944F0 /* CoreGraphics.framework in Frameworks */ = {isa = PBXBuildFile; fileRef = 40AC8E5E179B3367007944F0 /* CoreGraphics.framework */; };
		40AC8E61179B3367007944F0 /* UIKit.framework in Frameworks */ = {isa = PBXBuildFile; fileRef = 40AC8E60179B3367007944F0 /* UIKit.framework */; };
		40AC8E67179B3367007944F0 /* InfoPlist.strings in Resources */ = {isa = PBXBuildFile; fileRef = 40AC8E65179B3367007944F0 /* InfoPlist.strings */; };
		40AC8E69179B3367007944F0 /* main.m in Sources */ = {isa = PBXBuildFile; fileRef = 40AC8E68179B3367007944F0 /* main.m */; };
		40AC8E6D179B3367007944F0 /* AppDelegate.m in Sources */ = {isa = PBXBuildFile; fileRef = 40AC8E6C179B3367007944F0 /* AppDelegate.m */; };
		40AC8E70179B3367007944F0 /* Main.storyboard in Resources */ = {isa = PBXBuildFile; fileRef = 40AC8E6E179B3367007944F0 /* Main.storyboard */; };
		40AC8E73179B3367007944F0 /* ViewController.m in Sources */ = {isa = PBXBuildFile; fileRef = 40AC8E72179B3367007944F0 /* ViewController.m */; };
		40AC8E75179B3367007944F0 /* Images.xcassets in Resources */ = {isa = PBXBuildFile; fileRef = 40AC8E74179B3367007944F0 /* Images.xcassets */; };
		40AC8E7C179B3367007944F0 /* XCTest.framework in Frameworks */ = {isa = PBXBuildFile; fileRef = 40AC8E7B179B3367007944F0 /* XCTest.framework */; };
		40AC8E7D179B3367007944F0 /* Foundation.framework in Frameworks */ = {isa = PBXBuildFile; fileRef = 40AC8E5C179B3367007944F0 /* Foundation.framework */; };
		40AC8E7E179B3367007944F0 /* UIKit.framework in Frameworks */ = {isa = PBXBuildFile; fileRef = 40AC8E60179B3367007944F0 /* UIKit.framework */; };
		40AC8E86179B3367007944F0 /* InfoPlist.strings in Resources */ = {isa = PBXBuildFile; fileRef = 40AC8E84179B3367007944F0 /* InfoPlist.strings */; };
		40AC8E88179B3367007944F0 /* IdentifierTests.m in Sources */ = {isa = PBXBuildFile; fileRef = 40AC8E87179B3367007944F0 /* IdentifierTests.m */; };
/* End PBXBuildFile section */

/* Begin PBXContainerItemProxy section */
		40AC8E7F179B3367007944F0 /* PBXContainerItemProxy */ = {
			isa = PBXContainerItemProxy;
			containerPortal = 40AC8E51179B3366007944F0 /* Project object */;
			proxyType = 1;
			remoteGlobalIDString = 40AC8E58179B3366007944F0;
			remoteInfo = Identifier;
		};
/* End PBXContainerItemProxy section */

/* Begin PBXFileReference section */
		40AC8E59179B3367007944F0 /* Identifier.app */ = {isa = PBXFileReference; explicitFileType = wrapper.application; includeInIndex = 0; path = Identifier.app; sourceTree = BUILT_PRODUCTS_DIR; };
		40AC8E5C179B3367007944F0 /* Foundation.framework */ = {isa = PBXFileReference; lastKnownFileType = wrapper.framework; name = Foundation.framework; path = System/Library/Frameworks/Foundation.framework; sourceTree = SDKROOT; };
		40AC8E5E179B3367007944F0 /* CoreGraphics.framework */ = {isa = PBXFileReference; lastKnownFileType = wrapper.framework; name = CoreGraphics.framework; path = System/Library/Frameworks/CoreGraphics.framework; sourceTree = SDKROOT; };
		40AC8E60179B3367007944F0 /* UIKit.framework */ = {isa = PBXFileReference; lastKnownFileType = wrapper.framework; name = UIKit.framework; path = System/Library/Frameworks/UIKit.framework; sourceTree = SDKROOT; };
		40AC8E64179B3367007944F0 /* Identifier-Info.plist */ = {isa = PBXFileReference; lastKnownFileType = text.plist.xml; path = "Identifier-Info.plist"; sourceTree = "<group>"; };
		40AC8E66179B3367007944F0 /* en */ = {isa = PBXFileReference; lastKnownFileType = text.plist.strings; name = en; path = en.lproj/InfoPlist.strings; sourceTree = "<group>"; };
		40AC8E68179B3367007944F0 /* main.m */ = {isa = PBXFileReference; lastKnownFileType = sourcecode.c.objc; path = main.m; sourceTree = "<group>"; };
		40AC8E6A179B3367007944F0 /* Identifier-Prefix.pch */ = {isa = PBXFileReference; lastKnownFileType = sourcecode.c.h; path = "Identifier-Prefix.pch"; sourceTree = "<group>"; };
		40AC8E6B179B3367007944F0 /* AppDelegate.h */ = {isa = PBXFileReference; lastKnownFileType = sourcecode.c.h; path = AppDelegate.h; sourceTree = "<group>"; };
		40AC8E6C179B3367007944F0 /* AppDelegate.m */ = {isa = PBXFileReference; lastKnownFileType = sourcecode.c.objc; path = AppDelegate.m; sourceTree = "<group>"; };
		40AC8E6F179B3367007944F0 /* Base */ = {isa = PBXFileReference; lastKnownFileType = file.storyboard; name = Base; path = Base.lproj/Main.storyboard; sourceTree = "<group>"; };
		40AC8E71179B3367007944F0 /* ViewController.h */ = {isa = PBXFileReference; lastKnownFileType = sourcecode.c.h; path = ViewController.h; sourceTree = "<group>"; };
		40AC8E72179B3367007944F0 /* ViewController.m */ = {isa = PBXFileReference; lastKnownFileType = sourcecode.c.objc; path = ViewController.m; sourceTree = "<group>"; };
		40AC8E74179B3367007944F0 /* Images.xcassets */ = {isa = PBXFileReference; lastKnownFileType = folder.assetcatalog; path = Images.xcassets; sourceTree = "<group>"; };
		40AC8E7A179B3367007944F0 /* IdentifierTests.xctest */ = {isa = PBXFileReference; explicitFileType = wrapper.cfbundle; includeInIndex = 0; path = IdentifierTests.xctest; sourceTree = BUILT_PRODUCTS_DIR; };
		40AC8E7B179B3367007944F0 /* XCTest.framework */ = {isa = PBXFileReference; lastKnownFileType = wrapper.framework; name = XCTest.framework; path = Library/Frameworks/XCTest.framework; sourceTree = DEVELOPER_DIR; };
		40AC8E83179B3367007944F0 /* IdentifierTests-Info.plist */ = {isa = PBXFileReference; lastKnownFileType = text.plist.xml; path = "IdentifierTests-Info.plist"; sourceTree = "<group>"; };
		40AC8E85179B3367007944F0 /* en */ = {isa = PBXFileReference; lastKnownFileType = text.plist.strings; name = en; path = en.lproj/InfoPlist.strings; sourceTree = "<group>"; };
		40AC8E87179B3367007944F0 /* IdentifierTests.m */ = {isa = PBXFileReference; lastKnownFileType = sourcecode.c.objc; path = IdentifierTests.m; sourceTree = "<group>"; };
/* End PBXFileReference section */

/* Begin PBXFrameworksBuildPhase section */
		40AC8E56179B3366007944F0 /* Frameworks */ = {
			isa = PBXFrameworksBuildPhase;
			buildActionMask = 2147483647;
			files = (
				40AC8E5F179B3367007944F0 /* CoreGraphics.framework in Frameworks */,
				40AC8E61179B3367007944F0 /* UIKit.framework in Frameworks */,
				40AC8E5D179B3367007944F0 /* Foundation.framework in Frameworks */,
			);
			runOnlyForDeploymentPostprocessing = 0;
		};
		40AC8E77179B3367007944F0 /* Frameworks */ = {
			isa = PBXFrameworksBuildPhase;
			buildActionMask = 2147483647;
			files = (
				40AC8E7C179B3367007944F0 /* XCTest.framework in Frameworks */,
				40AC8E7E179B3367007944F0 /* UIKit.framework in Frameworks */,
				40AC8E7D179B3367007944F0 /* Foundation.framework in Frameworks */,
			);
			runOnlyForDeploymentPostprocessing = 0;
		};
/* End PBXFrameworksBuildPhase section */

/* Begin PBXGroup section */
		40AC8E50179B3366007944F0 = {
			isa = PBXGroup;
			children = (
				40AC8E62179B3367007944F0 /* Identifier */,
				40AC8E81179B3367007944F0 /* IdentifierTests */,
				40AC8E5B179B3367007944F0 /* Frameworks */,
				40AC8E5A179B3367007944F0 /* Products */,
			);
			sourceTree = "<group>";
		};
		40AC8E5A179B3367007944F0 /* Products */ = {
			isa = PBXGroup;
			children = (
				40AC8E59179B3367007944F0 /* Identifier.app */,
				40AC8E7A179B3367007944F0 /* IdentifierTests.xctest */,
			);
			name = Products;
			sourceTree = "<group>";
		};
		40AC8E5B179B3367007944F0 /* Frameworks */ = {
			isa = PBXGroup;
			children = (
				40AC8E5C179B3367007944F0 /* Foundation.framework */,
				40AC8E5E179B3367007944F0 /* CoreGraphics.framework */,
				40AC8E60179B3367007944F0 /* UIKit.framework */,
				40AC8E7B179B3367007944F0 /* XCTest.framework */,
			);
			name = Frameworks;
			sourceTree = "<group>";
		};
		40AC8E62179B3367007944F0 /* Identifier */ = {
			isa = PBXGroup;
			children = (
				40AC8E6B179B3367007944F0 /* AppDelegate.h */,
				40AC8E6C179B3367007944F0 /* AppDelegate.m */,
				40AC8E6E179B3367007944F0 /* Main.storyboard */,
				40AC8E71179B3367007944F0 /* ViewController.h */,
				40AC8E72179B3367007944F0 /* ViewController.m */,
				40AC8E74179B3367007944F0 /* Images.xcassets */,
				40AC8E63179B3367007944F0 /* Supporting Files */,
			);
			path = Identifier;
			sourceTree = "<group>";
		};
		40AC8E63179B3367007944F0 /* Supporting Files */ = {
			isa = PBXGroup;
			children = (
				40AC8E64179B3367007944F0 /* Identifier-Info.plist */,
				40AC8E65179B3367007944F0 /* InfoPlist.strings */,
				40AC8E68179B3367007944F0 /* main.m */,
				40AC8E6A179B3367007944F0 /* Identifier-Prefix.pch */,
			);
			name = "Supporting Files";
			sourceTree = "<group>";
		};
		40AC8E81179B3367007944F0 /* IdentifierTests */ = {
			isa = PBXGroup;
			children = (
				40AC8E87179B3367007944F0 /* IdentifierTests.m */,
				40AC8E82179B3367007944F0 /* Supporting Files */,
			);
			path = IdentifierTests;
			sourceTree = "<group>";
		};
		40AC8E82179B3367007944F0 /* Supporting Files */ = {
			isa = PBXGroup;
			children = (
				40AC8E83179B3367007944F0 /* IdentifierTests-Info.plist */,
				40AC8E84179B3367007944F0 /* InfoPlist.strings */,
			);
			name = "Supporting Files";
			sourceTree = "<group>";
		};
/* End PBXGroup section */

/* Begin PBXNativeTarget section */
		40AC8E58179B3366007944F0 /* Identifier */ = {
			isa = PBXNativeTarget;
			buildConfigurationList = 40AC8E8B179B3367007944F0 /* Build configuration list for PBXNativeTarget "Identifier" */;
			buildPhases = (
				40AC8E55179B3366007944F0 /* Sources */,
				40AC8E56179B3366007944F0 /* Frameworks */,
				40AC8E57179B3366007944F0 /* Resources */,
			);
			buildRules = (
			);
			dependencies = (
			);
			name = Identifier;
			productName = Identifier;
			productReference = 40AC8E59179B3367007944F0 /* Identifier.app */;
			productType = "com.apple.product-type.application";
		};
		40AC8E79179B3367007944F0 /* IdentifierTests */ = {
			isa = PBXNativeTarget;
			buildConfigurationList = 40AC8E8E179B3367007944F0 /* Build configuration list for PBXNativeTarget "IdentifierTests" */;
			buildPhases = (
				40AC8E76179B3367007944F0 /* Sources */,
				40AC8E77179B3367007944F0 /* Frameworks */,
				40AC8E78179B3367007944F0 /* Resources */,
			);
			buildRules = (
			);
			dependencies = (
				40AC8E80179B3367007944F0 /* PBXTargetDependency */,
			);
			name = IdentifierTests;
			productName = IdentifierTests;
			productReference = 40AC8E7A179B3367007944F0 /* IdentifierTests.xctest */;
			productType = "com.apple.product-type.bundle.unit-test";
		};
/* End PBXNativeTarget section */

/* Begin PBXProject section */
		40AC8E51179B3366007944F0 /* Project object */ = {
			isa = PBXProject;
			attributes = {
				LastUpgradeCheck = 0500;
				ORGANIZATIONNAME = Cocoaneheads;
				TargetAttributes = {
					40AC8E79179B3367007944F0 = {
						TestTargetID = 40AC8E58179B3366007944F0;
					};
				};
			};
			buildConfigurationList = 40AC8E54179B3366007944F0 /* Build configuration list for PBXProject "Identifier" */;
			compatibilityVersion = "Xcode 3.2";
			developmentRegion = English;
			hasScannedForEncodings = 0;
			knownRegions = (
				en,
				Base,
			);
			mainGroup = 40AC8E50179B3366007944F0;
			productRefGroup = 40AC8E5A179B3367007944F0 /* Products */;
			projectDirPath = "";
			projectRoot = "";
			targets = (
				40AC8E58179B3366007944F0 /* Identifier */,
				40AC8E79179B3367007944F0 /* IdentifierTests */,
			);
		};
/* End PBXProject section */

/* Begin PBXResourcesBuildPhase section */
		40AC8E57179B3366007944F0 /* Resources */ = {
			isa = PBXResourcesBuildPhase;
			buildActionMask = 2147483647;
			files = (
				40AC8E75179B3367007944F0 /* Images.xcassets in Resources */,
				40AC8E67179B3367007944F0 /* InfoPlist.strings in Resources */,
				40AC8E70179B3367007944F0 /* Main.storyboard in Resources */,
			);
			runOnlyForDeploymentPostprocessing = 0;
		};
		40AC8E78179B3367007944F0 /* Resources */ = {
			isa = PBXResourcesBuildPhase;
			buildActionMask = 2147483647;
			files = (
				40AC8E86179B3367007944F0 /* InfoPlist.strings in Resources */,
			);
			runOnlyForDeploymentPostprocessing = 0;
		};
/* End PBXResourcesBuildPhase section */

/* Begin PBXSourcesBuildPhase section */
		40AC8E55179B3366007944F0 /* Sources */ = {
			isa = PBXSourcesBuildPhase;
			buildActionMask = 2147483647;
			files = (
				40AC8E73179B3367007944F0 /* ViewController.m in Sources */,
				40AC8E6D179B3367007944F0 /* AppDelegate.m in Sources */,
				40AC8E69179B3367007944F0 /* main.m in Sources */,
			);
			runOnlyForDeploymentPostprocessing = 0;
		};
		40AC8E76179B3367007944F0 /* Sources */ = {
			isa = PBXSourcesBuildPhase;
			buildActionMask = 2147483647;
			files = (
				40AC8E88179B3367007944F0 /* IdentifierTests.m in Sources */,
			);
			runOnlyForDeploymentPostprocessing = 0;
		};
/* End PBXSourcesBuildPhase section */

/* Begin PBXTargetDependency section */
		40AC8E80179B3367007944F0 /* PBXTargetDependency */ = {
			isa = PBXTargetDependency;
			target = 40AC8E58179B3366007944F0 /* Identifier */;
			targetProxy = 40AC8E7F179B3367007944F0 /* PBXContainerItemProxy */;
		};
/* End PBXTargetDependency section */

/* Begin PBXVariantGroup section */
		40AC8E65179B3367007944F0 /* InfoPlist.strings */ = {
			isa = PBXVariantGroup;
			children = (
				40AC8E66179B3367007944F0 /* en */,
			);
			name = InfoPlist.strings;
			sourceTree = "<group>";
		};
		40AC8E6E179B3367007944F0 /* Main.storyboard */ = {
			isa = PBXVariantGroup;
			children = (
				40AC8E6F179B3367007944F0 /* Base */,
			);
			name = Main.storyboard;
			sourceTree = "<group>";
		};
		40AC8E84179B3367007944F0 /* InfoPlist.strings */ = {
			isa = PBXVariantGroup;
			children = (
				40AC8E85179B3367007944F0 /* en */,
			);
			name = InfoPlist.strings;
			sourceTree = "<group>";
		};
/* End PBXVariantGroup section */

/* Begin XCBuildConfiguration section */
		40AC8E89179B3367007944F0 /* Debug */ = {
			isa = XCBuildConfiguration;
			buildSettings = {
				ALWAYS_SEARCH_USER_PATHS = NO;
				CLANG_CXX_LANGUAGE_STANDARD = "gnu++0x";
				CLANG_CXX_LIBRARY = "libc++";
				CLANG_ENABLE_MODULES = YES;
				CLANG_ENABLE_OBJC_ARC = YES;
				CLANG_WARN_BOOL_CONVERSION = YES;
				CLANG_WARN_CONSTANT_CONVERSION = YES;
				CLANG_WARN_DIRECT_OBJC_ISA_USAGE = YES_ERROR;
				CLANG_WARN_EMPTY_BODY = YES;
				CLANG_WARN_ENUM_CONVERSION = YES;
				CLANG_WARN_INT_CONVERSION = YES;
				CLANG_WARN_OBJC_ROOT_CLASS = YES_ERROR;
				CLANG_WARN__DUPLICATE_METHOD_MATCH = YES;
				"CODE_SIGN_IDENTITY[sdk=iphoneos*]" = "iPhone Developer";
				COPY_PHASE_STRIP = NO;
				GCC_C_LANGUAGE_STANDARD = gnu99;
				GCC_DYNAMIC_NO_PIC = NO;
				GCC_OPTIMIZATION_LEVEL = 0;
				GCC_PREPROCESSOR_DEFINITIONS = (
					"DEBUG=1",
					"$(inherited)",
				);
				GCC_SYMBOLS_PRIVATE_EXTERN = NO;
				GCC_WARN_ABOUT_RETURN_TYPE = YES_ERROR;
				GCC_WARN_UNDECLARED_SELECTOR = YES;
				GCC_WARN_UNINITIALIZED_AUTOS = YES;
				GCC_WARN_UNUSED_FUNCTION = YES;
				GCC_WARN_UNUSED_VARIABLE = YES;
				IPHONEOS_DEPLOYMENT_TARGET = 7.0;
				ONLY_ACTIVE_ARCH = YES;
				SDKROOT = iphoneos;
			};
			name = Debug;
		};
		40AC8E8A179B3367007944F0 /* Release */ = {
			isa = XCBuildConfiguration;
			buildSettings = {
				ALWAYS_SEARCH_USER_PATHS = NO;
				CLANG_CXX_LANGUAGE_STANDARD = "gnu++0x";
				CLANG_CXX_LIBRARY = "libc++";
				CLANG_ENABLE_MODULES = YES;
				CLANG_ENABLE_OBJC_ARC = YES;
				CLANG_WARN_BOOL_CONVERSION = YES;
				CLANG_WARN_CONSTANT_CONVERSION = YES;
				CLANG_WARN_DIRECT_OBJC_ISA_USAGE = YES_ERROR;
				CLANG_WARN_EMPTY_BODY = YES;
				CLANG_WARN_ENUM_CONVERSION = YES;
				CLANG_WARN_INT_CONVERSION = YES;
				CLANG_WARN_OBJC_ROOT_CLASS = YES_ERROR;
				CLANG_WARN__DUPLICATE_METHOD_MATCH = YES;
				"CODE_SIGN_IDENTITY[sdk=iphoneos*]" = "iPhone Developer";
				COPY_PHASE_STRIP = YES;
				ENABLE_NS_ASSERTIONS = NO;
				GCC_C_LANGUAGE_STANDARD = gnu99;
				GCC_WARN_ABOUT_RETURN_TYPE = YES_ERROR;
				GCC_WARN_UNDECLARED_SELECTOR = YES;
				GCC_WARN_UNINITIALIZED_AUTOS = YES;
				GCC_WARN_UNUSED_FUNCTION = YES;
				GCC_WARN_UNUSED_VARIABLE = YES;
				IPHONEOS_DEPLOYMENT_TARGET = 7.0;
				SDKROOT = iphoneos;
				VALIDATE_PRODUCT = YES;
			};
			name = Release;
		};
		40AC8E8C179B3367007944F0 /* Debug */ = {
			isa = XCBuildConfiguration;
			buildSettings = {
				ASSETCATALOG_COMPILER_APPICON_NAME = AppIcon;
				ASSETCATALOG_COMPILER_LAUNCHIMAGE_NAME = LaunchImage;
				GCC_PRECOMPILE_PREFIX_HEADER = YES;
				GCC_PREFIX_HEADER = "Identifier/Identifier-Prefix.pch";
				INFOPLIST_FILE = "Identifier/Identifier-Info.plist";
				IPHONEOS_DEPLOYMENT_TARGET = 6.1;
				PRODUCT_NAME = "$(TARGET_NAME)";
				WRAPPER_EXTENSION = app;
			};
			name = Debug;
		};
		40AC8E8D179B3367007944F0 /* Release */ = {
			isa = XCBuildConfiguration;
			buildSettings = {
				ASSETCATALOG_COMPILER_APPICON_NAME = AppIcon;
				ASSETCATALOG_COMPILER_LAUNCHIMAGE_NAME = LaunchImage;
				GCC_PRECOMPILE_PREFIX_HEADER = YES;
				GCC_PREFIX_HEADER = "Identifier/Identifier-Prefix.pch";
				INFOPLIST_FILE = "Identifier/Identifier-Info.plist";
				IPHONEOS_DEPLOYMENT_TARGET = 6.1;
				PRODUCT_NAME = "$(TARGET_NAME)";
				WRAPPER_EXTENSION = app;
			};
			name = Release;
		};
		40AC8E8F179B3367007944F0 /* Debug */ = {
			isa = XCBuildConfiguration;
			buildSettings = {
				BUNDLE_LOADER = "$(BUILT_PRODUCTS_DIR)/Identifier.app/Identifier";
				FRAMEWORK_SEARCH_PATHS = (
					"$(SDKROOT)/Developer/Library/Frameworks",
					"$(inherited)",
					"$(SYSTEM_APPS_DIR)/Xcode5-DP3.app/Contents/Developer/Library/Frameworks",
				);
				GCC_PRECOMPILE_PREFIX_HEADER = YES;
				GCC_PREFIX_HEADER = "Identifier/Identifier-Prefix.pch";
				GCC_PREPROCESSOR_DEFINITIONS = (
					"DEBUG=1",
					"$(inherited)",
				);
				INFOPLIST_FILE = "IdentifierTests/IdentifierTests-Info.plist";
				PRODUCT_NAME = "$(TARGET_NAME)";
				TEST_HOST = "$(BUNDLE_LOADER)";
				WRAPPER_EXTENSION = xctest;
			};
			name = Debug;
		};
		40AC8E90179B3367007944F0 /* Release */ = {
			isa = XCBuildConfiguration;
			buildSettings = {
				BUNDLE_LOADER = "$(BUILT_PRODUCTS_DIR)/Identifier.app/Identifier";
				FRAMEWORK_SEARCH_PATHS = (
					"$(SDKROOT)/Developer/Library/Frameworks",
					"$(inherited)",
					"$(SYSTEM_APPS_DIR)/Xcode5-DP3.app/Contents/Developer/Library/Frameworks",
				);
				GCC_PRECOMPILE_PREFIX_HEADER = YES;
				GCC_PREFIX_HEADER = "Identifier/Identifier-Prefix.pch";
				INFOPLIST_FILE = "IdentifierTests/IdentifierTests-Info.plist";
				PRODUCT_NAME = "$(TARGET_NAME)";
				TEST_HOST = "$(BUNDLE_LOADER)";
				WRAPPER_EXTENSION = xctest;
			};
			name = Release;
		};
/* End XCBuildConfiguration section */

/* Begin XCConfigurationList section */
		40AC8E54179B3366007944F0 /* Build configuration list for PBXProject "Identifier" */ = {
			isa = XCConfigurationList;
			buildConfigurations = (
				40AC8E89179B3367007944F0 /* Debug */,
				40AC8E8A179B3367007944F0 /* Release */,
			);
			defaultConfigurationIsVisible = 0;
			defaultConfigurationName = Release;
		};
		40AC8E8B179B3367007944F0 /* Build configuration list for PBXNativeTarget "Identifier" */ = {
			isa = XCConfigurationList;
			buildConfigurations = (
				40AC8E8C179B3367007944F0 /* Debug */,
				40AC8E8D179B3367007944F0 /* Release */,
			);
			defaultConfigurationIsVisible = 0;
		};
		40AC8E8E179B3367007944F0 /* Build configuration list for PBXNativeTarget "IdentifierTests" */ = {
			isa = XCConfigurationList;
			buildConfigurations = (
				40AC8E8F179B3367007944F0 /* Debug */,
				40AC8E90179B3367007944F0 /* Release */,
			);
			defaultConfigurationIsVisible = 0;
		};
/* End XCConfigurationList section */
	};
	rootObject = 40AC8E51179B3366007944F0 /* Project object */;
}
