// !$*UTF8*$!
{
	archiveVersion = 1;
	classes = {
	};
	objectVersion = 46;
	objects = {

/* Begin PBXBuildFile section */
		AB09A438133E3A2F00BB1B75 /* UIKit.framework in Frameworks */ = {isa = PBXBuildFile; fileRef = AB09A437133E3A2F00BB1B75 /* UIKit.framework */; };
		AB09A43A133E3A2F00BB1B75 /* Foundation.framework in Frameworks */ = {isa = PBXBuildFile; fileRef = AB09A439133E3A2F00BB1B75 /* Foundation.framework */; };
		AB09A43C133E3A2F00BB1B75 /* CoreGraphics.framework in Frameworks */ = {isa = PBXBuildFile; fileRef = AB09A43B133E3A2F00BB1B75 /* CoreGraphics.framework */; };
		AB09A442133E3A2F00BB1B75 /* InfoPlist.strings in Resources */ = {isa = PBXBuildFile; fileRef = AB09A440133E3A2F00BB1B75 /* InfoPlist.strings */; };
		AB09A445133E3A2F00BB1B75 /* main.m in Sources */ = {isa = PBXBuildFile; fileRef = AB09A444133E3A2F00BB1B75 /* main.m */; };
		AB09A448133E3A2F00BB1B75 /* BarsAppDelegate.m in Sources */ = {isa = PBXBuildFile; fileRef = AB09A447133E3A2F00BB1B75 /* BarsAppDelegate.m */; };
		AB09A44B133E3A2F00BB1B75 /* MainWindow.xib in Resources */ = {isa = PBXBuildFile; fileRef = AB09A449133E3A2F00BB1B75 /* MainWindow.xib */; };
		AB09A44E133E3A2F00BB1B75 /* BarsViewController.m in Sources */ = {isa = PBXBuildFile; fileRef = AB09A44D133E3A2F00BB1B75 /* BarsViewController.m */; };
		AB09A451133E3A2F00BB1B75 /* BarsViewController.xib in Resources */ = {isa = PBXBuildFile; fileRef = AB09A44F133E3A2F00BB1B75 /* BarsViewController.xib */; };
		AB8F9963133E3CB200908FC5 /* NavigationBar.m in Sources */ = {isa = PBXBuildFile; fileRef = AB8F9962133E3CB200908FC5 /* NavigationBar.m */; };
		AB8F9966133E43C700908FC5 /* background.png in Resources */ = {isa = PBXBuildFile; fileRef = AB8F9965133E43C700908FC5 /* background.png */; };
		AB8F9969133E440500908FC5 /* Toolbar.m in Sources */ = {isa = PBXBuildFile; fileRef = AB8F9968133E440500908FC5 /* Toolbar.m */; };
/* End PBXBuildFile section */

/* Begin PBXFileReference section */
		AB09A433133E3A2F00BB1B75 /* Bars.app */ = {isa = PBXFileReference; explicitFileType = wrapper.application; includeInIndex = 0; path = Bars.app; sourceTree = BUILT_PRODUCTS_DIR; };
		AB09A437133E3A2F00BB1B75 /* UIKit.framework */ = {isa = PBXFileReference; lastKnownFileType = wrapper.framework; name = UIKit.framework; path = System/Library/Frameworks/UIKit.framework; sourceTree = SDKROOT; };
		AB09A439133E3A2F00BB1B75 /* Foundation.framework */ = {isa = PBXFileReference; lastKnownFileType = wrapper.framework; name = Foundation.framework; path = System/Library/Frameworks/Foundation.framework; sourceTree = SDKROOT; };
		AB09A43B133E3A2F00BB1B75 /* CoreGraphics.framework */ = {isa = PBXFileReference; lastKnownFileType = wrapper.framework; name = CoreGraphics.framework; path = System/Library/Frameworks/CoreGraphics.framework; sourceTree = SDKROOT; };
		AB09A43F133E3A2F00BB1B75 /* Bars-Info.plist */ = {isa = PBXFileReference; lastKnownFileType = text.plist.xml; path = "Bars-Info.plist"; sourceTree = "<group>"; };
		AB09A441133E3A2F00BB1B75 /* en */ = {isa = PBXFileReference; lastKnownFileType = text.plist.strings; name = en; path = en.lproj/InfoPlist.strings; sourceTree = "<group>"; };
		AB09A443133E3A2F00BB1B75 /* Bars-Prefix.pch */ = {isa = PBXFileReference; lastKnownFileType = sourcecode.c.h; path = "Bars-Prefix.pch"; sourceTree = "<group>"; };
		AB09A444133E3A2F00BB1B75 /* main.m */ = {isa = PBXFileReference; lastKnownFileType = sourcecode.c.objc; path = main.m; sourceTree = "<group>"; };
		AB09A446133E3A2F00BB1B75 /* BarsAppDelegate.h */ = {isa = PBXFileReference; lastKnownFileType = sourcecode.c.h; path = BarsAppDelegate.h; sourceTree = "<group>"; };
		AB09A447133E3A2F00BB1B75 /* BarsAppDelegate.m */ = {isa = PBXFileReference; lastKnownFileType = sourcecode.c.objc; path = BarsAppDelegate.m; sourceTree = "<group>"; };
		AB09A44A133E3A2F00BB1B75 /* en */ = {isa = PBXFileReference; lastKnownFileType = file.xib; name = en; path = en.lproj/MainWindow.xib; sourceTree = "<group>"; };
		AB09A44C133E3A2F00BB1B75 /* BarsViewController.h */ = {isa = PBXFileReference; lastKnownFileType = sourcecode.c.h; path = BarsViewController.h; sourceTree = "<group>"; };
		AB09A44D133E3A2F00BB1B75 /* BarsViewController.m */ = {isa = PBXFileReference; lastKnownFileType = sourcecode.c.objc; path = BarsViewController.m; sourceTree = "<group>"; };
		AB09A450133E3A2F00BB1B75 /* en */ = {isa = PBXFileReference; lastKnownFileType = file.xib; name = en; path = en.lproj/BarsViewController.xib; sourceTree = "<group>"; };
		AB8F9961133E3CB100908FC5 /* NavigationBar.h */ = {isa = PBXFileReference; fileEncoding = 4; lastKnownFileType = sourcecode.c.h; path = NavigationBar.h; sourceTree = "<group>"; };
		AB8F9962133E3CB200908FC5 /* NavigationBar.m */ = {isa = PBXFileReference; fileEncoding = 4; lastKnownFileType = sourcecode.c.objc; path = NavigationBar.m; sourceTree = "<group>"; };
		AB8F9965133E43C700908FC5 /* background.png */ = {isa = PBXFileReference; lastKnownFileType = image.png; path = background.png; sourceTree = "<group>"; };
		AB8F9967133E440500908FC5 /* Toolbar.h */ = {isa = PBXFileReference; fileEncoding = 4; lastKnownFileType = sourcecode.c.h; path = Toolbar.h; sourceTree = "<group>"; };
		AB8F9968133E440500908FC5 /* Toolbar.m */ = {isa = PBXFileReference; fileEncoding = 4; lastKnownFileType = sourcecode.c.objc; path = Toolbar.m; sourceTree = "<group>"; };
/* End PBXFileReference section */

/* Begin PBXFrameworksBuildPhase section */
		AB09A430133E3A2F00BB1B75 /* Frameworks */ = {
			isa = PBXFrameworksBuildPhase;
			buildActionMask = 2147483647;
			files = (
				AB09A438133E3A2F00BB1B75 /* UIKit.framework in Frameworks */,
				AB09A43A133E3A2F00BB1B75 /* Foundation.framework in Frameworks */,
				AB09A43C133E3A2F00BB1B75 /* CoreGraphics.framework in Frameworks */,
			);
			runOnlyForDeploymentPostprocessing = 0;
		};
/* End PBXFrameworksBuildPhase section */

/* Begin PBXGroup section */
		AB09A428133E3A2F00BB1B75 = {
			isa = PBXGroup;
			children = (
				AB09A43D133E3A2F00BB1B75 /* Bars */,
				AB09A436133E3A2F00BB1B75 /* Frameworks */,
				AB09A434133E3A2F00BB1B75 /* Products */,
			);
			sourceTree = "<group>";
		};
		AB09A434133E3A2F00BB1B75 /* Products */ = {
			isa = PBXGroup;
			children = (
				AB09A433133E3A2F00BB1B75 /* Bars.app */,
			);
			name = Products;
			sourceTree = "<group>";
		};
		AB09A436133E3A2F00BB1B75 /* Frameworks */ = {
			isa = PBXGroup;
			children = (
				AB09A437133E3A2F00BB1B75 /* UIKit.framework */,
				AB09A439133E3A2F00BB1B75 /* Foundation.framework */,
				AB09A43B133E3A2F00BB1B75 /* CoreGraphics.framework */,
			);
			name = Frameworks;
			sourceTree = "<group>";
		};
		AB09A43D133E3A2F00BB1B75 /* Bars */ = {
			isa = PBXGroup;
			children = (
				AB09A446133E3A2F00BB1B75 /* BarsAppDelegate.h */,
				AB09A447133E3A2F00BB1B75 /* BarsAppDelegate.m */,
				AB09A449133E3A2F00BB1B75 /* MainWindow.xib */,
				AB09A44C133E3A2F00BB1B75 /* BarsViewController.h */,
				AB09A44D133E3A2F00BB1B75 /* BarsViewController.m */,
				AB09A44F133E3A2F00BB1B75 /* BarsViewController.xib */,
				AB8F9961133E3CB100908FC5 /* NavigationBar.h */,
				AB8F9962133E3CB200908FC5 /* NavigationBar.m */,
				AB8F9967133E440500908FC5 /* Toolbar.h */,
				AB8F9968133E440500908FC5 /* Toolbar.m */,
				AB09A43E133E3A2F00BB1B75 /* Supporting Files */,
			);
			path = Bars;
			sourceTree = "<group>";
		};
		AB09A43E133E3A2F00BB1B75 /* Supporting Files */ = {
			isa = PBXGroup;
			children = (
				AB8F9965133E43C700908FC5 /* background.png */,
				AB09A43F133E3A2F00BB1B75 /* Bars-Info.plist */,
				AB09A440133E3A2F00BB1B75 /* InfoPlist.strings */,
				AB09A443133E3A2F00BB1B75 /* Bars-Prefix.pch */,
				AB09A444133E3A2F00BB1B75 /* main.m */,
			);
			name = "Supporting Files";
			sourceTree = "<group>";
		};
/* End PBXGroup section */

/* Begin PBXNativeTarget section */
		AB09A432133E3A2F00BB1B75 /* Bars */ = {
			isa = PBXNativeTarget;
			buildConfigurationList = AB09A454133E3A2F00BB1B75 /* Build configuration list for PBXNativeTarget "Bars" */;
			buildPhases = (
				AB09A42F133E3A2F00BB1B75 /* Sources */,
				AB09A430133E3A2F00BB1B75 /* Frameworks */,
				AB09A431133E3A2F00BB1B75 /* Resources */,
			);
			buildRules = (
			);
			dependencies = (
			);
			name = Bars;
			productName = Bars;
			productReference = AB09A433133E3A2F00BB1B75 /* Bars.app */;
			productType = "com.apple.product-type.application";
		};
/* End PBXNativeTarget section */

/* Begin PBXProject section */
		AB09A42A133E3A2F00BB1B75 /* Project object */ = {
			isa = PBXProject;
			buildConfigurationList = AB09A42D133E3A2F00BB1B75 /* Build configuration list for PBXProject "Bars" */;
			compatibilityVersion = "Xcode 3.2";
			developmentRegion = English;
			hasScannedForEncodings = 0;
			knownRegions = (
				en,
			);
			mainGroup = AB09A428133E3A2F00BB1B75;
			productRefGroup = AB09A434133E3A2F00BB1B75 /* Products */;
			projectDirPath = "";
			projectRoot = "";
			targets = (
				AB09A432133E3A2F00BB1B75 /* Bars */,
			);
		};
/* End PBXProject section */

/* Begin PBXResourcesBuildPhase section */
		AB09A431133E3A2F00BB1B75 /* Resources */ = {
			isa = PBXResourcesBuildPhase;
			buildActionMask = 2147483647;
			files = (
				AB09A442133E3A2F00BB1B75 /* InfoPlist.strings in Resources */,
				AB09A44B133E3A2F00BB1B75 /* MainWindow.xib in Resources */,
				AB09A451133E3A2F00BB1B75 /* BarsViewController.xib in Resources */,
				AB8F9966133E43C700908FC5 /* background.png in Resources */,
			);
			runOnlyForDeploymentPostprocessing = 0;
		};
/* End PBXResourcesBuildPhase section */

/* Begin PBXSourcesBuildPhase section */
		AB09A42F133E3A2F00BB1B75 /* Sources */ = {
			isa = PBXSourcesBuildPhase;
			buildActionMask = 2147483647;
			files = (
				AB09A445133E3A2F00BB1B75 /* main.m in Sources */,
				AB09A448133E3A2F00BB1B75 /* BarsAppDelegate.m in Sources */,
				AB09A44E133E3A2F00BB1B75 /* BarsViewController.m in Sources */,
				AB8F9963133E3CB200908FC5 /* NavigationBar.m in Sources */,
				AB8F9969133E440500908FC5 /* Toolbar.m in Sources */,
			);
			runOnlyForDeploymentPostprocessing = 0;
		};
/* End PBXSourcesBuildPhase section */

/* Begin PBXVariantGroup section */
		AB09A440133E3A2F00BB1B75 /* InfoPlist.strings */ = {
			isa = PBXVariantGroup;
			children = (
				AB09A441133E3A2F00BB1B75 /* en */,
			);
			name = InfoPlist.strings;
			sourceTree = "<group>";
		};
		AB09A449133E3A2F00BB1B75 /* MainWindow.xib */ = {
			isa = PBXVariantGroup;
			children = (
				AB09A44A133E3A2F00BB1B75 /* en */,
			);
			name = MainWindow.xib;
			sourceTree = "<group>";
		};
		AB09A44F133E3A2F00BB1B75 /* BarsViewController.xib */ = {
			isa = PBXVariantGroup;
			children = (
				AB09A450133E3A2F00BB1B75 /* en */,
			);
			name = BarsViewController.xib;
			sourceTree = "<group>";
		};
/* End PBXVariantGroup section */

/* Begin XCBuildConfiguration section */
		AB09A452133E3A2F00BB1B75 /* Debug */ = {
			isa = XCBuildConfiguration;
			buildSettings = {
				ARCHS = "$(ARCHS_STANDARD_32_BIT)";
				"CODE_SIGN_IDENTITY[sdk=iphoneos*]" = "iPhone Developer";
				GCC_C_LANGUAGE_STANDARD = gnu99;
				GCC_OPTIMIZATION_LEVEL = 0;
				GCC_PREPROCESSOR_DEFINITIONS = DEBUG;
				GCC_SYMBOLS_PRIVATE_EXTERN = NO;
				GCC_VERSION = com.apple.compilers.llvmgcc42;
				GCC_WARN_ABOUT_RETURN_TYPE = YES;
				GCC_WARN_UNUSED_VARIABLE = YES;
				IPHONEOS_DEPLOYMENT_TARGET = 4.3;
				SDKROOT = iphoneos;
			};
			name = Debug;
		};
		AB09A453133E3A2F00BB1B75 /* Release */ = {
			isa = XCBuildConfiguration;
			buildSettings = {
				ARCHS = "$(ARCHS_STANDARD_32_BIT)";
				"CODE_SIGN_IDENTITY[sdk=iphoneos*]" = "iPhone Developer";
				GCC_C_LANGUAGE_STANDARD = gnu99;
				GCC_VERSION = com.apple.compilers.llvmgcc42;
				GCC_WARN_ABOUT_RETURN_TYPE = YES;
				GCC_WARN_UNUSED_VARIABLE = YES;
				IPHONEOS_DEPLOYMENT_TARGET = 4.3;
				OTHER_CFLAGS = "-DNS_BLOCK_ASSERTIONS=1";
				SDKROOT = iphoneos;
			};
			name = Release;
		};
		AB09A455133E3A2F00BB1B75 /* Debug */ = {
			isa = XCBuildConfiguration;
			buildSettings = {
				ALWAYS_SEARCH_USER_PATHS = NO;
				COPY_PHASE_STRIP = NO;
				GCC_DYNAMIC_NO_PIC = NO;
				GCC_PRECOMPILE_PREFIX_HEADER = YES;
				GCC_PREFIX_HEADER = "Bars/Bars-Prefix.pch";
				INFOPLIST_FILE = "Bars/Bars-Info.plist";
				PRODUCT_NAME = "$(TARGET_NAME)";
				WRAPPER_EXTENSION = app;
			};
			name = Debug;
		};
		AB09A456133E3A2F00BB1B75 /* Release */ = {
			isa = XCBuildConfiguration;
			buildSettings = {
				ALWAYS_SEARCH_USER_PATHS = NO;
				COPY_PHASE_STRIP = YES;
				GCC_PRECOMPILE_PREFIX_HEADER = YES;
				GCC_PREFIX_HEADER = "Bars/Bars-Prefix.pch";
				INFOPLIST_FILE = "Bars/Bars-Info.plist";
				PRODUCT_NAME = "$(TARGET_NAME)";
				VALIDATE_PRODUCT = YES;
				WRAPPER_EXTENSION = app;
			};
			name = Release;
		};
/* End XCBuildConfiguration section */

/* Begin XCConfigurationList section */
		AB09A42D133E3A2F00BB1B75 /* Build configuration list for PBXProject "Bars" */ = {
			isa = XCConfigurationList;
			buildConfigurations = (
				AB09A452133E3A2F00BB1B75 /* Debug */,
				AB09A453133E3A2F00BB1B75 /* Release */,
			);
			defaultConfigurationIsVisible = 0;
			defaultConfigurationName = Release;
		};
		AB09A454133E3A2F00BB1B75 /* Build configuration list for PBXNativeTarget "Bars" */ = {
			isa = XCConfigurationList;
			buildConfigurations = (
				AB09A455133E3A2F00BB1B75 /* Debug */,
				AB09A456133E3A2F00BB1B75 /* Release */,
			);
			defaultConfigurationIsVisible = 0;
			defaultConfigurationName = Release;
		};
/* End XCConfigurationList section */
	};
	rootObject = AB09A42A133E3A2F00BB1B75 /* Project object */;
}
