// !$*UTF8*$!
{
	archiveVersion = 1;
	classes = {
	};
	objectVersion = 46;
	objects = {

/* Begin PBXBuildFile section */
		AB59E13B13C997B000B235F0 /* UIKit.framework in Frameworks */ = {isa = PBXBuildFile; fileRef = AB59E13A13C997B000B235F0 /* UIKit.framework */; };
		AB59E13D13C997B000B235F0 /* Foundation.framework in Frameworks */ = {isa = PBXBuildFile; fileRef = AB59E13C13C997B000B235F0 /* Foundation.framework */; };
		AB59E13F13C997B000B235F0 /* CoreGraphics.framework in Frameworks */ = {isa = PBXBuildFile; fileRef = AB59E13E13C997B000B235F0 /* CoreGraphics.framework */; };
		AB59E14513C997B000B235F0 /* InfoPlist.strings in Resources */ = {isa = PBXBuildFile; fileRef = AB59E14313C997B000B235F0 /* InfoPlist.strings */; };
		AB59E14813C997B000B235F0 /* main.m in Sources */ = {isa = PBXBuildFile; fileRef = AB59E14713C997B000B235F0 /* main.m */; };
		AB59E14B13C997B000B235F0 /* RetinaAppDelegate.m in Sources */ = {isa = PBXBuildFile; fileRef = AB59E14A13C997B000B235F0 /* RetinaAppDelegate.m */; };
		AB59E14E13C997B000B235F0 /* MainWindow.xib in Resources */ = {isa = PBXBuildFile; fileRef = AB59E14C13C997B000B235F0 /* MainWindow.xib */; };
		AB59E15113C997B000B235F0 /* RetinaViewController.m in Sources */ = {isa = PBXBuildFile; fileRef = AB59E15013C997B000B235F0 /* RetinaViewController.m */; };
		AB59E15413C997B000B235F0 /* RetinaViewController.xib in Resources */ = {isa = PBXBuildFile; fileRef = AB59E15213C997B000B235F0 /* RetinaViewController.xib */; };
		AB59E15C13C9A87900B235F0 /* both.png in Resources */ = {isa = PBXBuildFile; fileRef = AB59E15A13C9A87900B235F0 /* both.png */; };
		AB59E15D13C9A87900B235F0 /* both@2x.png in Resources */ = {isa = PBXBuildFile; fileRef = AB59E15B13C9A87900B235F0 /* both@2x.png */; };
		AB59E16013C9A8B100B235F0 /* normal.png in Resources */ = {isa = PBXBuildFile; fileRef = AB59E15E13C9A8B100B235F0 /* normal.png */; };
		AB59E16113C9A8B100B235F0 /* retina@2x.png in Resources */ = {isa = PBXBuildFile; fileRef = AB59E15F13C9A8B100B235F0 /* retina@2x.png */; };
/* End PBXBuildFile section */

/* Begin PBXFileReference section */
		AB59E13613C997B000B235F0 /* Retina.app */ = {isa = PBXFileReference; explicitFileType = wrapper.application; includeInIndex = 0; path = Retina.app; sourceTree = BUILT_PRODUCTS_DIR; };
		AB59E13A13C997B000B235F0 /* UIKit.framework */ = {isa = PBXFileReference; lastKnownFileType = wrapper.framework; name = UIKit.framework; path = System/Library/Frameworks/UIKit.framework; sourceTree = SDKROOT; };
		AB59E13C13C997B000B235F0 /* Foundation.framework */ = {isa = PBXFileReference; lastKnownFileType = wrapper.framework; name = Foundation.framework; path = System/Library/Frameworks/Foundation.framework; sourceTree = SDKROOT; };
		AB59E13E13C997B000B235F0 /* CoreGraphics.framework */ = {isa = PBXFileReference; lastKnownFileType = wrapper.framework; name = CoreGraphics.framework; path = System/Library/Frameworks/CoreGraphics.framework; sourceTree = SDKROOT; };
		AB59E14213C997B000B235F0 /* Retina-Info.plist */ = {isa = PBXFileReference; lastKnownFileType = text.plist.xml; path = "Retina-Info.plist"; sourceTree = "<group>"; };
		AB59E14413C997B000B235F0 /* en */ = {isa = PBXFileReference; lastKnownFileType = text.plist.strings; name = en; path = en.lproj/InfoPlist.strings; sourceTree = "<group>"; };
		AB59E14613C997B000B235F0 /* Retina-Prefix.pch */ = {isa = PBXFileReference; lastKnownFileType = sourcecode.c.h; path = "Retina-Prefix.pch"; sourceTree = "<group>"; };
		AB59E14713C997B000B235F0 /* main.m */ = {isa = PBXFileReference; lastKnownFileType = sourcecode.c.objc; path = main.m; sourceTree = "<group>"; };
		AB59E14913C997B000B235F0 /* RetinaAppDelegate.h */ = {isa = PBXFileReference; lastKnownFileType = sourcecode.c.h; path = RetinaAppDelegate.h; sourceTree = "<group>"; };
		AB59E14A13C997B000B235F0 /* RetinaAppDelegate.m */ = {isa = PBXFileReference; lastKnownFileType = sourcecode.c.objc; path = RetinaAppDelegate.m; sourceTree = "<group>"; };
		AB59E14D13C997B000B235F0 /* en */ = {isa = PBXFileReference; lastKnownFileType = file.xib; name = en; path = en.lproj/MainWindow.xib; sourceTree = "<group>"; };
		AB59E14F13C997B000B235F0 /* RetinaViewController.h */ = {isa = PBXFileReference; lastKnownFileType = sourcecode.c.h; path = RetinaViewController.h; sourceTree = "<group>"; };
		AB59E15013C997B000B235F0 /* RetinaViewController.m */ = {isa = PBXFileReference; lastKnownFileType = sourcecode.c.objc; path = RetinaViewController.m; sourceTree = "<group>"; };
		AB59E15313C997B000B235F0 /* en */ = {isa = PBXFileReference; lastKnownFileType = file.xib; name = en; path = en.lproj/RetinaViewController.xib; sourceTree = "<group>"; };
		AB59E15A13C9A87900B235F0 /* both.png */ = {isa = PBXFileReference; lastKnownFileType = image.png; path = both.png; sourceTree = "<group>"; };
		AB59E15B13C9A87900B235F0 /* both@2x.png */ = {isa = PBXFileReference; lastKnownFileType = image.png; path = "both@2x.png"; sourceTree = "<group>"; };
		AB59E15E13C9A8B100B235F0 /* normal.png */ = {isa = PBXFileReference; lastKnownFileType = image.png; path = normal.png; sourceTree = "<group>"; };
		AB59E15F13C9A8B100B235F0 /* retina@2x.png */ = {isa = PBXFileReference; lastKnownFileType = image.png; path = "retina@2x.png"; sourceTree = "<group>"; };
/* End PBXFileReference section */

/* Begin PBXFrameworksBuildPhase section */
		AB59E13313C997B000B235F0 /* Frameworks */ = {
			isa = PBXFrameworksBuildPhase;
			buildActionMask = 2147483647;
			files = (
				AB59E13B13C997B000B235F0 /* UIKit.framework in Frameworks */,
				AB59E13D13C997B000B235F0 /* Foundation.framework in Frameworks */,
				AB59E13F13C997B000B235F0 /* CoreGraphics.framework in Frameworks */,
			);
			runOnlyForDeploymentPostprocessing = 0;
		};
/* End PBXFrameworksBuildPhase section */

/* Begin PBXGroup section */
		AB59E12B13C997AF00B235F0 = {
			isa = PBXGroup;
			children = (
				AB59E14013C997B000B235F0 /* Retina */,
				AB59E13913C997B000B235F0 /* Frameworks */,
				AB59E13713C997B000B235F0 /* Products */,
			);
			sourceTree = "<group>";
		};
		AB59E13713C997B000B235F0 /* Products */ = {
			isa = PBXGroup;
			children = (
				AB59E13613C997B000B235F0 /* Retina.app */,
			);
			name = Products;
			sourceTree = "<group>";
		};
		AB59E13913C997B000B235F0 /* Frameworks */ = {
			isa = PBXGroup;
			children = (
				AB59E13A13C997B000B235F0 /* UIKit.framework */,
				AB59E13C13C997B000B235F0 /* Foundation.framework */,
				AB59E13E13C997B000B235F0 /* CoreGraphics.framework */,
			);
			name = Frameworks;
			sourceTree = "<group>";
		};
		AB59E14013C997B000B235F0 /* Retina */ = {
			isa = PBXGroup;
			children = (
				AB59E14913C997B000B235F0 /* RetinaAppDelegate.h */,
				AB59E14A13C997B000B235F0 /* RetinaAppDelegate.m */,
				AB59E14C13C997B000B235F0 /* MainWindow.xib */,
				AB59E14F13C997B000B235F0 /* RetinaViewController.h */,
				AB59E15013C997B000B235F0 /* RetinaViewController.m */,
				AB59E15213C997B000B235F0 /* RetinaViewController.xib */,
				AB59E14113C997B000B235F0 /* Supporting Files */,
			);
			path = Retina;
			sourceTree = "<group>";
		};
		AB59E14113C997B000B235F0 /* Supporting Files */ = {
			isa = PBXGroup;
			children = (
				AB59E15E13C9A8B100B235F0 /* normal.png */,
				AB59E15F13C9A8B100B235F0 /* retina@2x.png */,
				AB59E15A13C9A87900B235F0 /* both.png */,
				AB59E15B13C9A87900B235F0 /* both@2x.png */,
				AB59E14213C997B000B235F0 /* Retina-Info.plist */,
				AB59E14313C997B000B235F0 /* InfoPlist.strings */,
				AB59E14613C997B000B235F0 /* Retina-Prefix.pch */,
				AB59E14713C997B000B235F0 /* main.m */,
			);
			name = "Supporting Files";
			sourceTree = "<group>";
		};
/* End PBXGroup section */

/* Begin PBXNativeTarget section */
		AB59E13513C997B000B235F0 /* Retina */ = {
			isa = PBXNativeTarget;
			buildConfigurationList = AB59E15713C997B000B235F0 /* Build configuration list for PBXNativeTarget "Retina" */;
			buildPhases = (
				AB59E13213C997B000B235F0 /* Sources */,
				AB59E13313C997B000B235F0 /* Frameworks */,
				AB59E13413C997B000B235F0 /* Resources */,
			);
			buildRules = (
			);
			dependencies = (
			);
			name = Retina;
			productName = Retina;
			productReference = AB59E13613C997B000B235F0 /* Retina.app */;
			productType = "com.apple.product-type.application";
		};
/* End PBXNativeTarget section */

/* Begin PBXProject section */
		AB59E12D13C997AF00B235F0 /* Project object */ = {
			isa = PBXProject;
			buildConfigurationList = AB59E13013C997AF00B235F0 /* Build configuration list for PBXProject "Retina" */;
			compatibilityVersion = "Xcode 3.2";
			developmentRegion = English;
			hasScannedForEncodings = 0;
			knownRegions = (
				en,
			);
			mainGroup = AB59E12B13C997AF00B235F0;
			productRefGroup = AB59E13713C997B000B235F0 /* Products */;
			projectDirPath = "";
			projectRoot = "";
			targets = (
				AB59E13513C997B000B235F0 /* Retina */,
			);
		};
/* End PBXProject section */

/* Begin PBXResourcesBuildPhase section */
		AB59E13413C997B000B235F0 /* Resources */ = {
			isa = PBXResourcesBuildPhase;
			buildActionMask = 2147483647;
			files = (
				AB59E14513C997B000B235F0 /* InfoPlist.strings in Resources */,
				AB59E14E13C997B000B235F0 /* MainWindow.xib in Resources */,
				AB59E15413C997B000B235F0 /* RetinaViewController.xib in Resources */,
				AB59E15C13C9A87900B235F0 /* both.png in Resources */,
				AB59E15D13C9A87900B235F0 /* both@2x.png in Resources */,
				AB59E16013C9A8B100B235F0 /* normal.png in Resources */,
				AB59E16113C9A8B100B235F0 /* retina@2x.png in Resources */,
			);
			runOnlyForDeploymentPostprocessing = 0;
		};
/* End PBXResourcesBuildPhase section */

/* Begin PBXSourcesBuildPhase section */
		AB59E13213C997B000B235F0 /* Sources */ = {
			isa = PBXSourcesBuildPhase;
			buildActionMask = 2147483647;
			files = (
				AB59E14813C997B000B235F0 /* main.m in Sources */,
				AB59E14B13C997B000B235F0 /* RetinaAppDelegate.m in Sources */,
				AB59E15113C997B000B235F0 /* RetinaViewController.m in Sources */,
			);
			runOnlyForDeploymentPostprocessing = 0;
		};
/* End PBXSourcesBuildPhase section */

/* Begin PBXVariantGroup section */
		AB59E14313C997B000B235F0 /* InfoPlist.strings */ = {
			isa = PBXVariantGroup;
			children = (
				AB59E14413C997B000B235F0 /* en */,
			);
			name = InfoPlist.strings;
			sourceTree = "<group>";
		};
		AB59E14C13C997B000B235F0 /* MainWindow.xib */ = {
			isa = PBXVariantGroup;
			children = (
				AB59E14D13C997B000B235F0 /* en */,
			);
			name = MainWindow.xib;
			sourceTree = "<group>";
		};
		AB59E15213C997B000B235F0 /* RetinaViewController.xib */ = {
			isa = PBXVariantGroup;
			children = (
				AB59E15313C997B000B235F0 /* en */,
			);
			name = RetinaViewController.xib;
			sourceTree = "<group>";
		};
/* End PBXVariantGroup section */

/* Begin XCBuildConfiguration section */
		AB59E15513C997B000B235F0 /* Debug */ = {
			isa = XCBuildConfiguration;
			buildSettings = {
				ARCHS = "$(ARCHS_STANDARD_32_BIT)";
				"CODE_SIGN_IDENTITY[sdk=iphoneos*]" = "iPhone Developer";
				GCC_C_LANGUAGE_STANDARD = gnu99;
				GCC_OPTIMIZATION_LEVEL = 0;
				GCC_PREPROCESSOR_DEFINITIONS = DEBUG;
				GCC_SYMBOLS_PRIVATE_EXTERN = NO;
				GCC_VERSION = com.apple.compilers.llvmgcc42;
				GCC_WARN_ABOUT_RETURN_TYPE = YES;
				GCC_WARN_UNUSED_VARIABLE = YES;
				IPHONEOS_DEPLOYMENT_TARGET = 4.3;
				SDKROOT = iphoneos;
			};
			name = Debug;
		};
		AB59E15613C997B000B235F0 /* Release */ = {
			isa = XCBuildConfiguration;
			buildSettings = {
				ARCHS = "$(ARCHS_STANDARD_32_BIT)";
				"CODE_SIGN_IDENTITY[sdk=iphoneos*]" = "iPhone Developer";
				GCC_C_LANGUAGE_STANDARD = gnu99;
				GCC_VERSION = com.apple.compilers.llvmgcc42;
				GCC_WARN_ABOUT_RETURN_TYPE = YES;
				GCC_WARN_UNUSED_VARIABLE = YES;
				IPHONEOS_DEPLOYMENT_TARGET = 4.3;
				OTHER_CFLAGS = "-DNS_BLOCK_ASSERTIONS=1";
				SDKROOT = iphoneos;
			};
			name = Release;
		};
		AB59E15813C997B000B235F0 /* Debug */ = {
			isa = XCBuildConfiguration;
			buildSettings = {
				ALWAYS_SEARCH_USER_PATHS = NO;
				COPY_PHASE_STRIP = NO;
				GCC_DYNAMIC_NO_PIC = NO;
				GCC_PRECOMPILE_PREFIX_HEADER = YES;
				GCC_PREFIX_HEADER = "Retina/Retina-Prefix.pch";
				INFOPLIST_FILE = "Retina/Retina-Info.plist";
				PRODUCT_NAME = "$(TARGET_NAME)";
				WRAPPER_EXTENSION = app;
			};
			name = Debug;
		};
		AB59E15913C997B000B235F0 /* Release */ = {
			isa = XCBuildConfiguration;
			buildSettings = {
				ALWAYS_SEARCH_USER_PATHS = NO;
				COPY_PHASE_STRIP = YES;
				GCC_PRECOMPILE_PREFIX_HEADER = YES;
				GCC_PREFIX_HEADER = "Retina/Retina-Prefix.pch";
				INFOPLIST_FILE = "Retina/Retina-Info.plist";
				PRODUCT_NAME = "$(TARGET_NAME)";
				VALIDATE_PRODUCT = YES;
				WRAPPER_EXTENSION = app;
			};
			name = Release;
		};
/* End XCBuildConfiguration section */

/* Begin XCConfigurationList section */
		AB59E13013C997AF00B235F0 /* Build configuration list for PBXProject "Retina" */ = {
			isa = XCConfigurationList;
			buildConfigurations = (
				AB59E15513C997B000B235F0 /* Debug */,
				AB59E15613C997B000B235F0 /* Release */,
			);
			defaultConfigurationIsVisible = 0;
			defaultConfigurationName = Release;
		};
		AB59E15713C997B000B235F0 /* Build configuration list for PBXNativeTarget "Retina" */ = {
			isa = XCConfigurationList;
			buildConfigurations = (
				AB59E15813C997B000B235F0 /* Debug */,
				AB59E15913C997B000B235F0 /* Release */,
			);
			defaultConfigurationIsVisible = 0;
		};
/* End XCConfigurationList section */
	};
	rootObject = AB59E12D13C997AF00B235F0 /* Project object */;
}
