// !$*UTF8*$!
{
	archiveVersion = 1;
	classes = {
	};
	objectVersion = 46;
	objects = {

/* Begin PBXBuildFile section */
		4049E9B813C35FA9006C128F /* Security.framework in Frameworks */ = {isa = PBXBuildFile; fileRef = 4049E9B713C35FA9006C128F /* Security.framework */; };
		40D501D113C34CD100CA887A /* UIKit.framework in Frameworks */ = {isa = PBXBuildFile; fileRef = 40D501D013C34CD100CA887A /* UIKit.framework */; };
		40D501D313C34CD100CA887A /* Foundation.framework in Frameworks */ = {isa = PBXBuildFile; fileRef = 40D501D213C34CD100CA887A /* Foundation.framework */; };
		40D501D513C34CD100CA887A /* CoreGraphics.framework in Frameworks */ = {isa = PBXBuildFile; fileRef = 40D501D413C34CD100CA887A /* CoreGraphics.framework */; };
		40D501DB13C34CD100CA887A /* InfoPlist.strings in Resources */ = {isa = PBXBuildFile; fileRef = 40D501D913C34CD100CA887A /* InfoPlist.strings */; };
		40D501DD13C34CD100CA887A /* main.m in Sources */ = {isa = PBXBuildFile; fileRef = 40D501DC13C34CD100CA887A /* main.m */; };
		40D501E113C34CD100CA887A /* keychainguckerAppDelegate.m in Sources */ = {isa = PBXBuildFile; fileRef = 40D501E013C34CD100CA887A /* keychainguckerAppDelegate.m */; settings = {COMPILER_FLAGS = "-fno-objc-arc"; }; };
/* End PBXBuildFile section */

/* Begin PBXFileReference section */
		4049E9B713C35FA9006C128F /* Security.framework */ = {isa = PBXFileReference; lastKnownFileType = wrapper.framework; name = Security.framework; path = System/Library/Frameworks/Security.framework; sourceTree = SDKROOT; };
		40D501CC13C34CD100CA887A /* keychaingucker.app */ = {isa = PBXFileReference; explicitFileType = wrapper.application; includeInIndex = 0; path = keychaingucker.app; sourceTree = BUILT_PRODUCTS_DIR; };
		40D501D013C34CD100CA887A /* UIKit.framework */ = {isa = PBXFileReference; lastKnownFileType = wrapper.framework; name = UIKit.framework; path = System/Library/Frameworks/UIKit.framework; sourceTree = SDKROOT; };
		40D501D213C34CD100CA887A /* Foundation.framework */ = {isa = PBXFileReference; lastKnownFileType = wrapper.framework; name = Foundation.framework; path = System/Library/Frameworks/Foundation.framework; sourceTree = SDKROOT; };
		40D501D413C34CD100CA887A /* CoreGraphics.framework */ = {isa = PBXFileReference; lastKnownFileType = wrapper.framework; name = CoreGraphics.framework; path = System/Library/Frameworks/CoreGraphics.framework; sourceTree = SDKROOT; };
		40D501D813C34CD100CA887A /* keychaingucker-Info.plist */ = {isa = PBXFileReference; lastKnownFileType = text.plist.xml; path = "keychaingucker-Info.plist"; sourceTree = "<group>"; };
		40D501DA13C34CD100CA887A /* en */ = {isa = PBXFileReference; lastKnownFileType = text.plist.strings; name = en; path = en.lproj/InfoPlist.strings; sourceTree = "<group>"; };
		40D501DC13C34CD100CA887A /* main.m */ = {isa = PBXFileReference; lastKnownFileType = sourcecode.c.objc; path = main.m; sourceTree = "<group>"; };
		40D501DE13C34CD100CA887A /* keychaingucker-Prefix.pch */ = {isa = PBXFileReference; lastKnownFileType = sourcecode.c.h; path = "keychaingucker-Prefix.pch"; sourceTree = "<group>"; };
		40D501DF13C34CD100CA887A /* keychainguckerAppDelegate.h */ = {isa = PBXFileReference; lastKnownFileType = sourcecode.c.h; path = keychainguckerAppDelegate.h; sourceTree = "<group>"; };
		40D501E013C34CD100CA887A /* keychainguckerAppDelegate.m */ = {isa = PBXFileReference; lastKnownFileType = sourcecode.c.objc; path = keychainguckerAppDelegate.m; sourceTree = "<group>"; };
/* End PBXFileReference section */

/* Begin PBXFrameworksBuildPhase section */
		40D501C913C34CD100CA887A /* Frameworks */ = {
			isa = PBXFrameworksBuildPhase;
			buildActionMask = 2147483647;
			files = (
				4049E9B813C35FA9006C128F /* Security.framework in Frameworks */,
				40D501D113C34CD100CA887A /* UIKit.framework in Frameworks */,
				40D501D313C34CD100CA887A /* Foundation.framework in Frameworks */,
				40D501D513C34CD100CA887A /* CoreGraphics.framework in Frameworks */,
			);
			runOnlyForDeploymentPostprocessing = 0;
		};
/* End PBXFrameworksBuildPhase section */

/* Begin PBXGroup section */
		40D501C113C34CD100CA887A = {
			isa = PBXGroup;
			children = (
				40D501D613C34CD100CA887A /* keychaingucker */,
				40D501CF13C34CD100CA887A /* Frameworks */,
				40D501CD13C34CD100CA887A /* Products */,
			);
			sourceTree = "<group>";
		};
		40D501CD13C34CD100CA887A /* Products */ = {
			isa = PBXGroup;
			children = (
				40D501CC13C34CD100CA887A /* keychaingucker.app */,
			);
			name = Products;
			sourceTree = "<group>";
		};
		40D501CF13C34CD100CA887A /* Frameworks */ = {
			isa = PBXGroup;
			children = (
				4049E9B713C35FA9006C128F /* Security.framework */,
				40D501D013C34CD100CA887A /* UIKit.framework */,
				40D501D213C34CD100CA887A /* Foundation.framework */,
				40D501D413C34CD100CA887A /* CoreGraphics.framework */,
			);
			name = Frameworks;
			sourceTree = "<group>";
		};
		40D501D613C34CD100CA887A /* keychaingucker */ = {
			isa = PBXGroup;
			children = (
				40D501DF13C34CD100CA887A /* keychainguckerAppDelegate.h */,
				40D501E013C34CD100CA887A /* keychainguckerAppDelegate.m */,
				40D501D713C34CD100CA887A /* Supporting Files */,
			);
			path = keychaingucker;
			sourceTree = "<group>";
		};
		40D501D713C34CD100CA887A /* Supporting Files */ = {
			isa = PBXGroup;
			children = (
				40D501D813C34CD100CA887A /* keychaingucker-Info.plist */,
				40D501D913C34CD100CA887A /* InfoPlist.strings */,
				40D501DC13C34CD100CA887A /* main.m */,
				40D501DE13C34CD100CA887A /* keychaingucker-Prefix.pch */,
			);
			name = "Supporting Files";
			sourceTree = "<group>";
		};
/* End PBXGroup section */

/* Begin PBXNativeTarget section */
		40D501CB13C34CD100CA887A /* keychaingucker */ = {
			isa = PBXNativeTarget;
			buildConfigurationList = 40D501E413C34CD100CA887A /* Build configuration list for PBXNativeTarget "keychaingucker" */;
			buildPhases = (
				40D501C813C34CD100CA887A /* Sources */,
				40D501C913C34CD100CA887A /* Frameworks */,
				40D501CA13C34CD100CA887A /* Resources */,
			);
			buildRules = (
			);
			dependencies = (
			);
			name = keychaingucker;
			productName = keychaingucker;
			productReference = 40D501CC13C34CD100CA887A /* keychaingucker.app */;
			productType = "com.apple.product-type.application";
		};
/* End PBXNativeTarget section */

/* Begin PBXProject section */
		40D501C313C34CD100CA887A /* Project object */ = {
			isa = PBXProject;
			attributes = {
				LastUpgradeCheck = 0420;
			};
			buildConfigurationList = 40D501C613C34CD100CA887A /* Build configuration list for PBXProject "keychaingucker" */;
			compatibilityVersion = "Xcode 3.2";
			developmentRegion = English;
			hasScannedForEncodings = 0;
			knownRegions = (
				en,
			);
			mainGroup = 40D501C113C34CD100CA887A;
			productRefGroup = 40D501CD13C34CD100CA887A /* Products */;
			projectDirPath = "";
			projectRoot = "";
			targets = (
				40D501CB13C34CD100CA887A /* keychaingucker */,
			);
		};
/* End PBXProject section */

/* Begin PBXResourcesBuildPhase section */
		40D501CA13C34CD100CA887A /* Resources */ = {
			isa = PBXResourcesBuildPhase;
			buildActionMask = 2147483647;
			files = (
				40D501DB13C34CD100CA887A /* InfoPlist.strings in Resources */,
			);
			runOnlyForDeploymentPostprocessing = 0;
		};
/* End PBXResourcesBuildPhase section */

/* Begin PBXSourcesBuildPhase section */
		40D501C813C34CD100CA887A /* Sources */ = {
			isa = PBXSourcesBuildPhase;
			buildActionMask = 2147483647;
			files = (
				40D501DD13C34CD100CA887A /* main.m in Sources */,
				40D501E113C34CD100CA887A /* keychainguckerAppDelegate.m in Sources */,
			);
			runOnlyForDeploymentPostprocessing = 0;
		};
/* End PBXSourcesBuildPhase section */

/* Begin PBXVariantGroup section */
		40D501D913C34CD100CA887A /* InfoPlist.strings */ = {
			isa = PBXVariantGroup;
			children = (
				40D501DA13C34CD100CA887A /* en */,
			);
			name = InfoPlist.strings;
			sourceTree = "<group>";
		};
/* End PBXVariantGroup section */

/* Begin XCBuildConfiguration section */
		40D501E213C34CD100CA887A /* Debug */ = {
			isa = XCBuildConfiguration;
			buildSettings = {
				ALWAYS_SEARCH_USER_PATHS = NO;
				ARCHS = "$(ARCHS_STANDARD_32_BIT)";
				CLANG_ENABLE_OBJC_ARC = NO;
				CODE_SIGN_IDENTITY = "iPhone Developer";
				"CODE_SIGN_IDENTITY[sdk=iphoneos*]" = "iPhone Developer";
				COPY_PHASE_STRIP = NO;
				GCC_C_LANGUAGE_STANDARD = gnu99;
				GCC_DYNAMIC_NO_PIC = NO;
				GCC_OPTIMIZATION_LEVEL = 0;
				GCC_PREPROCESSOR_DEFINITIONS = (
					"DEBUG=1",
					"$(inherited)",
				);
				GCC_SYMBOLS_PRIVATE_EXTERN = NO;
				GCC_VERSION = com.apple.compilers.llvm.clang.1_0;
				GCC_WARN_ABOUT_MISSING_PROTOTYPES = YES;
				GCC_WARN_ABOUT_RETURN_TYPE = YES;
				GCC_WARN_UNUSED_VARIABLE = YES;
				IPHONEOS_DEPLOYMENT_TARGET = 4.3;
				PROVISIONING_PROFILE = "";
				SDKROOT = iphoneos;
			};
			name = Debug;
		};
		40D501E313C34CD100CA887A /* Release */ = {
			isa = XCBuildConfiguration;
			buildSettings = {
				ALWAYS_SEARCH_USER_PATHS = NO;
				ARCHS = "$(ARCHS_STANDARD_32_BIT)";
				CLANG_ENABLE_OBJC_ARC = NO;
				CODE_SIGN_IDENTITY = "iPhone Developer";
				"CODE_SIGN_IDENTITY[sdk=iphoneos*]" = "iPhone Developer";
				COPY_PHASE_STRIP = YES;
				GCC_C_LANGUAGE_STANDARD = gnu99;
				GCC_VERSION = com.apple.compilers.llvm.clang.1_0;
				GCC_WARN_ABOUT_MISSING_PROTOTYPES = YES;
				GCC_WARN_ABOUT_RETURN_TYPE = YES;
				GCC_WARN_UNUSED_VARIABLE = YES;
				IPHONEOS_DEPLOYMENT_TARGET = 4.3;
				OTHER_CFLAGS = "-DNS_BLOCK_ASSERTIONS=1";
				PROVISIONING_PROFILE = "";
				SDKROOT = iphoneos;
				VALIDATE_PRODUCT = YES;
			};
			name = Release;
		};
		40D501E513C34CD100CA887A /* Debug */ = {
			isa = XCBuildConfiguration;
			buildSettings = {
				GCC_PRECOMPILE_PREFIX_HEADER = YES;
				GCC_PREFIX_HEADER = "keychaingucker/keychaingucker-Prefix.pch";
				INFOPLIST_FILE = "keychaingucker/keychaingucker-Info.plist";
				PRODUCT_NAME = "$(TARGET_NAME)";
				WRAPPER_EXTENSION = app;
			};
			name = Debug;
		};
		40D501E613C34CD100CA887A /* Release */ = {
			isa = XCBuildConfiguration;
			buildSettings = {
				GCC_PRECOMPILE_PREFIX_HEADER = YES;
				GCC_PREFIX_HEADER = "keychaingucker/keychaingucker-Prefix.pch";
				INFOPLIST_FILE = "keychaingucker/keychaingucker-Info.plist";
				PRODUCT_NAME = "$(TARGET_NAME)";
				WRAPPER_EXTENSION = app;
			};
			name = Release;
		};
/* End XCBuildConfiguration section */

/* Begin XCConfigurationList section */
		40D501C613C34CD100CA887A /* Build configuration list for PBXProject "keychaingucker" */ = {
			isa = XCConfigurationList;
			buildConfigurations = (
				40D501E213C34CD100CA887A /* Debug */,
				40D501E313C34CD100CA887A /* Release */,
			);
			defaultConfigurationIsVisible = 0;
			defaultConfigurationName = Release;
		};
		40D501E413C34CD100CA887A /* Build configuration list for PBXNativeTarget "keychaingucker" */ = {
			isa = XCConfigurationList;
			buildConfigurations = (
				40D501E513C34CD100CA887A /* Debug */,
				40D501E613C34CD100CA887A /* Release */,
			);
			defaultConfigurationIsVisible = 0;
			defaultConfigurationName = Release;
		};
/* End XCConfigurationList section */
	};
	rootObject = 40D501C313C34CD100CA887A /* Project object */;
}
